
Microsoft Visual Studio Solution File, Format Version 12.00
# Visual Studio 14
VisualStudioVersion = 14.0.25420.1
MinimumVisualStudioVersion = 10.0.40219.1
Project("{FAE04EC0-301F-11D3-BF4B-00C04F79EFBC}") = "Microsoft.HealthVault", "Microsoft.HealthVault\Microsoft.HealthVault.csproj", "{DBE2BA67-DBC3-479E-A374-1CE5EE33C453}"
EndProject
Project("{FAE04EC0-301F-11D3-BF4B-00C04F79EFBC}") = "Microsoft.HealthVault.ItemTypes", "Microsoft.HealthVault.ItemTypes\Microsoft.HealthVault.ItemTypes.csproj", "{105AC0FB-6FE4-475D-A4A6-6EF660337E5E}"
EndProject
Project("{FAE04EC0-301F-11D3-BF4B-00C04F79EFBC}") = "Microsoft.HealthVault.Certificate", "Microsoft.HealthVault.Certificate\Microsoft.HealthVault.Certificate.csproj", "{F269F61A-5CB2-4F81-BC24-E6825F261061}"
EndProject
Project("{FAE04EC0-301F-11D3-BF4B-00C04F79EFBC}") = "Microsoft.HealthVault.Web", "Microsoft.HealthVault.Web\Microsoft.HealthVault.Web.csproj", "{05961EF8-AFF3-4F65-B71A-65176224BE9D}"
EndProject
Project("{FAE04EC0-301F-11D3-BF4B-00C04F79EFBC}") = "Microsoft.HealthVault.Web.Mvc", "Microsoft.HealthVault.Web.Mvc\Microsoft.HealthVault.Web.Mvc.csproj", "{BAC954F8-3137-4840-9CEB-9852709070B2}"
EndProject
Global
	GlobalSection(SolutionConfigurationPlatforms) = preSolution
		Debug|Any CPU = Debug|Any CPU
		Debug|ARM = Debug|ARM
		Debug|x64 = Debug|x64
		Debug|x86 = Debug|x86
		Release|Any CPU = Release|Any CPU
		Release|ARM = Release|ARM
		Release|x64 = Release|x64
		Release|x86 = Release|x86
	EndGlobalSection
	GlobalSection(ProjectConfigurationPlatforms) = postSolution
		{DBE2BA67-DBC3-479E-A374-1CE5EE33C453}.Debug|Any CPU.ActiveCfg = Debug|Any CPU
		{DBE2BA67-DBC3-479E-A374-1CE5EE33C453}.Debug|Any CPU.Build.0 = Debug|Any CPU
		{DBE2BA67-DBC3-479E-A374-1CE5EE33C453}.Debug|ARM.ActiveCfg = Debug|Any CPU
		{DBE2BA67-DBC3-479E-A374-1CE5EE33C453}.Debug|ARM.Build.0 = Debug|Any CPU
		{DBE2BA67-DBC3-479E-A374-1CE5EE33C453}.Debug|x64.ActiveCfg = Debug|Any CPU
		{DBE2BA67-DBC3-479E-A374-1CE5EE33C453}.Debug|x64.Build.0 = Debug|Any CPU
		{DBE2BA67-DBC3-479E-A374-1CE5EE33C453}.Debug|x86.ActiveCfg = Debug|Any CPU
		{DBE2BA67-DBC3-479E-A374-1CE5EE33C453}.Debug|x86.Build.0 = Debug|Any CPU
		{DBE2BA67-DBC3-479E-A374-1CE5EE33C453}.Release|Any CPU.ActiveCfg = Release|Any CPU
		{DBE2BA67-DBC3-479E-A374-1CE5EE33C453}.Release|Any CPU.Build.0 = Release|Any CPU
		{DBE2BA67-DBC3-479E-A374-1CE5EE33C453}.Release|ARM.ActiveCfg = Release|Any CPU
		{DBE2BA67-DBC3-479E-A374-1CE5EE33C453}.Release|ARM.Build.0 = Release|Any CPU
		{DBE2BA67-DBC3-479E-A374-1CE5EE33C453}.Release|x64.ActiveCfg = Release|Any CPU
		{DBE2BA67-DBC3-479E-A374-1CE5EE33C453}.Release|x64.Build.0 = Release|Any CPU
		{DBE2BA67-DBC3-479E-A374-1CE5EE33C453}.Release|x86.ActiveCfg = Release|Any CPU
		{DBE2BA67-DBC3-479E-A374-1CE5EE33C453}.Release|x86.Build.0 = Release|Any CPU
		{105AC0FB-6FE4-475D-A4A6-6EF660337E5E}.Debug|Any CPU.ActiveCfg = Debug|Any CPU
		{105AC0FB-6FE4-475D-A4A6-6EF660337E5E}.Debug|Any CPU.Build.0 = Debug|Any CPU
		{105AC0FB-6FE4-475D-A4A6-6EF660337E5E}.Debug|ARM.ActiveCfg = Debug|Any CPU
		{105AC0FB-6FE4-475D-A4A6-6EF660337E5E}.Debug|ARM.Build.0 = Debug|Any CPU
		{105AC0FB-6FE4-475D-A4A6-6EF660337E5E}.Debug|x64.ActiveCfg = Debug|Any CPU
		{105AC0FB-6FE4-475D-A4A6-6EF660337E5E}.Debug|x64.Build.0 = Debug|Any CPU
		{105AC0FB-6FE4-475D-A4A6-6EF660337E5E}.Debug|x86.ActiveCfg = Debug|Any CPU
		{105AC0FB-6FE4-475D-A4A6-6EF660337E5E}.Debug|x86.Build.0 = Debug|Any CPU
		{105AC0FB-6FE4-475D-A4A6-6EF660337E5E}.Release|Any CPU.ActiveCfg = Release|Any CPU
		{105AC0FB-6FE4-475D-A4A6-6EF660337E5E}.Release|Any CPU.Build.0 = Release|Any CPU
		{105AC0FB-6FE4-475D-A4A6-6EF660337E5E}.Release|ARM.ActiveCfg = Release|Any CPU
		{105AC0FB-6FE4-475D-A4A6-6EF660337E5E}.Release|ARM.Build.0 = Release|Any CPU
		{105AC0FB-6FE4-475D-A4A6-6EF660337E5E}.Release|x64.ActiveCfg = Release|Any CPU
		{105AC0FB-6FE4-475D-A4A6-6EF660337E5E}.Release|x64.Build.0 = Release|Any CPU
		{105AC0FB-6FE4-475D-A4A6-6EF660337E5E}.Release|x86.ActiveCfg = Release|Any CPU
		{105AC0FB-6FE4-475D-A4A6-6EF660337E5E}.Release|x86.Build.0 = Release|Any CPU
		{F269F61A-5CB2-4F81-BC24-E6825F261061}.Debug|Any CPU.ActiveCfg = Debug|Any CPU
		{F269F61A-5CB2-4F81-BC24-E6825F261061}.Debug|Any CPU.Build.0 = Debug|Any CPU
		{F269F61A-5CB2-4F81-BC24-E6825F261061}.Debug|ARM.ActiveCfg = Debug|Any CPU
		{F269F61A-5CB2-4F81-BC24-E6825F261061}.Debug|x64.ActiveCfg = Debug|Any CPU
		{F269F61A-5CB2-4F81-BC24-E6825F261061}.Debug|x86.ActiveCfg = Debug|Any CPU
		{F269F61A-5CB2-4F81-BC24-E6825F261061}.Release|Any CPU.ActiveCfg = Release|Any CPU
		{F269F61A-5CB2-4F81-BC24-E6825F261061}.Release|Any CPU.Build.0 = Release|Any CPU
		{F269F61A-5CB2-4F81-BC24-E6825F261061}.Release|ARM.ActiveCfg = Release|Any CPU
		{F269F61A-5CB2-4F81-BC24-E6825F261061}.Release|x64.ActiveCfg = Release|Any CPU
		{F269F61A-5CB2-4F81-BC24-E6825F261061}.Release|x86.ActiveCfg = Release|Any CPU
		{05961EF8-AFF3-4F65-B71A-65176224BE9D}.Debug|Any CPU.ActiveCfg = Debug|Any CPU
		{05961EF8-AFF3-4F65-B71A-65176224BE9D}.Debug|Any CPU.Build.0 = Debug|Any CPU
		{05961EF8-AFF3-4F65-B71A-65176224BE9D}.Debug|ARM.ActiveCfg = Debug|Any CPU
		{05961EF8-AFF3-4F65-B71A-65176224BE9D}.Debug|ARM.Build.0 = Debug|Any CPU
		{05961EF8-AFF3-4F65-B71A-65176224BE9D}.Debug|x64.ActiveCfg = Debug|Any CPU
		{05961EF8-AFF3-4F65-B71A-65176224BE9D}.Debug|x64.Build.0 = Debug|Any CPU
		{05961EF8-AFF3-4F65-B71A-65176224BE9D}.Debug|x86.ActiveCfg = Debug|Any CPU
		{05961EF8-AFF3-4F65-B71A-65176224BE9D}.Debug|x86.Build.0 = Debug|Any CPU
		{05961EF8-AFF3-4F65-B71A-65176224BE9D}.Release|Any CPU.ActiveCfg = Release|Any CPU
		{05961EF8-AFF3-4F65-B71A-65176224BE9D}.Release|Any CPU.Build.0 = Release|Any CPU
		{05961EF8-AFF3-4F65-B71A-65176224BE9D}.Release|ARM.ActiveCfg = Release|Any CPU
		{05961EF8-AFF3-4F65-B71A-65176224BE9D}.Release|ARM.Build.0 = Release|Any CPU
		{05961EF8-AFF3-4F65-B71A-65176224BE9D}.Release|x64.ActiveCfg = Release|Any CPU
		{05961EF8-AFF3-4F65-B71A-65176224BE9D}.Release|x64.Build.0 = Release|Any CPU
		{05961EF8-AFF3-4F65-B71A-65176224BE9D}.Release|x86.ActiveCfg = Release|Any CPU
		{05961EF8-AFF3-4F65-B71A-65176224BE9D}.Release|x86.Build.0 = Release|Any CPU
		{BAC954F8-3137-4840-9CEB-9852709070B2}.Debug|Any CPU.ActiveCfg = Debug|Any CPU
		{BAC954F8-3137-4840-9CEB-9852709070B2}.Debug|Any CPU.Build.0 = Debug|Any CPU
		{BAC954F8-3137-4840-9CEB-9852709070B2}.Debug|ARM.ActiveCfg = Debug|Any CPU
		{BAC954F8-3137-4840-9CEB-9852709070B2}.Debug|ARM.Build.0 = Debug|Any CPU
		{BAC954F8-3137-4840-9CEB-9852709070B2}.Debug|x64.ActiveCfg = Debug|Any CPU
		{BAC954F8-3137-4840-9CEB-9852709070B2}.Debug|x64.Build.0 = Debug|Any CPU
		{BAC954F8-3137-4840-9CEB-9852709070B2}.Debug|x86.ActiveCfg = Debug|Any CPU
		{BAC954F8-3137-4840-9CEB-9852709070B2}.Debug|x86.Build.0 = Debug|Any CPU
		{BAC954F8-3137-4840-9CEB-9852709070B2}.Release|Any CPU.ActiveCfg = Release|Any CPU
		{BAC954F8-3137-4840-9CEB-9852709070B2}.Release|Any CPU.Build.0 = Release|Any CPU
		{BAC954F8-3137-4840-9CEB-9852709070B2}.Release|ARM.ActiveCfg = Release|Any CPU
		{BAC954F8-3137-4840-9CEB-9852709070B2}.Release|ARM.Build.0 = Release|Any CPU
		{BAC954F8-3137-4840-9CEB-9852709070B2}.Release|x64.ActiveCfg = Release|Any CPU
		{BAC954F8-3137-4840-9CEB-9852709070B2}.Release|x64.Build.0 = Release|Any CPU
		{BAC954F8-3137-4840-9CEB-9852709070B2}.Release|x86.ActiveCfg = Release|Any CPU
		{BAC954F8-3137-4840-9CEB-9852709070B2}.Release|x86.Build.0 = Release|Any CPU
	EndGlobalSection
	GlobalSection(SolutionProperties) = preSolution
		HideSolutionNode = FALSE
	EndGlobalSection
EndGlobal
