
Microsoft Visual Studio Solution File, Format Version 12.00
# Visual Studio 15
VisualStudioVersion = 15.0.26228.9
MinimumVisualStudioVersion = 10.0.40219.1
Project("{FAE04EC0-301F-11D3-BF4B-00C04F79EFBC}") = "Microsoft.HealthVault", "Microsoft.HealthVault\Microsoft.HealthVault.csproj", "{DBE2BA67-DBC3-479E-A374-1CE5EE33C453}"
EndProject
Project("{FAE04EC0-301F-11D3-BF4B-00C04F79EFBC}") = "Microsoft.HealthVault.Web", "Microsoft.HealthVault.Web\Microsoft.HealthVault.Web.csproj", "{05961EF8-AFF3-4F65-B71A-65176224BE9D}"
EndProject
Project("{FAE04EC0-301F-11D3-BF4B-00C04F79EFBC}") = "Microsoft.HealthVault.Web.Mvc", "Microsoft.HealthVault.Web.Mvc\Microsoft.HealthVault.Web.Mvc.csproj", "{BAC954F8-3137-4840-9CEB-9852709070B2}"
EndProject
Project("{FAE04EC0-301F-11D3-BF4B-00C04F79EFBC}") = "Microsoft.HealthVault.Client.Bait", "Microsoft.HealthVault.Client.Bait\Microsoft.HealthVault.Client.Bait.csproj", "{29A7078E-F90C-438A-BCC4-FFE9216D8405}"
EndProject
Project("{FAE04EC0-301F-11D3-BF4B-00C04F79EFBC}") = "Microsoft.HealthVault.Client.Android", "Microsoft.HealthVault.Client.Android\Microsoft.HealthVault.Client.Android.csproj", "{55F66A25-EAEC-48E2-B396-D824470E8C81}"
EndProject
Project("{FAE04EC0-301F-11D3-BF4B-00C04F79EFBC}") = "Microsoft.HealthVault.Client.Uwp", "Microsoft.HealthVault.Client.Uwp\Microsoft.HealthVault.Client.Uwp.csproj", "{713A0A22-0AD9-41A9-B808-70FC88431FB5}"
EndProject
Project("{FAE04EC0-301F-11D3-BF4B-00C04F79EFBC}") = "Microsoft.HealthVault.UnitTest", "Microsoft.HealthVault.UnitTest\Microsoft.HealthVault.UnitTest.csproj", "{43EEDD43-150C-4F41-8D37-FE6D602E3D4E}"
EndProject
Project("{FAE04EC0-301F-11D3-BF4B-00C04F79EFBC}") = "Microsoft.HealthVault.Client.Core", "Microsoft.HealthVault.Client.Core\Microsoft.HealthVault.Client.Core.csproj", "{5C7EC9D4-88B9-4EA2-BEA1-3BF3F17858B4}"
EndProject
Project("{FAE04EC0-301F-11D3-BF4B-00C04F79EFBC}") = "SandboxAndroid", "SandboxAndroid\SandboxAndroid.csproj", "{D20C3A24-49B6-4CC8-9282-9FF9866281A4}"
EndProject
Project("{FAE04EC0-301F-11D3-BF4B-00C04F79EFBC}") = "SandboxMvc", "SandboxMvc\SandboxMvc.csproj", "{8F645A68-C6C5-4134-9EA3-300130343232}"
EndProject
Project("{FAE04EC0-301F-11D3-BF4B-00C04F79EFBC}") = "SandboxUwp", "SandboxUwp\SandboxUwp.csproj", "{63D2B5DB-DA98-4774-83D0-4CBB8D3D2F94}"
EndProject
Project("{2150E333-8FDC-42A3-9474-1A3956D46DE8}") = "Solution Items", "Solution Items", "{706374F1-FDB9-4FA2-A727-85354AB51FFD}"
	ProjectSection(SolutionItems) = preProject
		THIRD PARTY NOTICES.md = THIRD PARTY NOTICES.md
	EndProjectSection
EndProject
Project("{FAE04EC0-301F-11D3-BF4B-00C04F79EFBC}") = "Microsoft.HealthVault.Client.Ios", "Microsoft.HealthVault.Client.Ios\Microsoft.HealthVault.Client.Ios.csproj", "{426E8137-0FD9-43B9-A5E6-4A0D49C90A6F}"
EndProject
Project("{FAE04EC0-301F-11D3-BF4B-00C04F79EFBC}") = "SandboxIos", "SampleIos\SandboxIos.csproj", "{3C9366EA-0A02-46BD-AF08-80BDC87B78F9}"
EndProject
Project("{FAE04EC0-301F-11D3-BF4B-00C04F79EFBC}") = "SDKDocumentation", "SDKDocumentation\SDKDocumentation.csproj", "{39931F25-8BEF-42FC-9E7F-05D1F17FBA99}"
EndProject
Global
	GlobalSection(SolutionConfigurationPlatforms) = preSolution
		Ad-Hoc|Any CPU = Ad-Hoc|Any CPU
		Ad-Hoc|ARM = Ad-Hoc|ARM
		Ad-Hoc|iPhone = Ad-Hoc|iPhone
		Ad-Hoc|iPhoneSimulator = Ad-Hoc|iPhoneSimulator
		Ad-Hoc|x64 = Ad-Hoc|x64
		Ad-Hoc|x86 = Ad-Hoc|x86
		AppStore|Any CPU = AppStore|Any CPU
		AppStore|ARM = AppStore|ARM
		AppStore|iPhone = AppStore|iPhone
		AppStore|iPhoneSimulator = AppStore|iPhoneSimulator
		AppStore|x64 = AppStore|x64
		AppStore|x86 = AppStore|x86
		Debug|Any CPU = Debug|Any CPU
		Debug|ARM = Debug|ARM
		Debug|iPhone = Debug|iPhone
		Debug|iPhoneSimulator = Debug|iPhoneSimulator
		Debug|x64 = Debug|x64
		Debug|x86 = Debug|x86
		Release|Any CPU = Release|Any CPU
		Release|ARM = Release|ARM
		Release|iPhone = Release|iPhone
		Release|iPhoneSimulator = Release|iPhoneSimulator
		Release|x64 = Release|x64
		Release|x86 = Release|x86
	EndGlobalSection
	GlobalSection(ProjectConfigurationPlatforms) = postSolution
		{DBE2BA67-DBC3-479E-A374-1CE5EE33C453}.Ad-Hoc|Any CPU.ActiveCfg = Release|Any CPU
		{DBE2BA67-DBC3-479E-A374-1CE5EE33C453}.Ad-Hoc|Any CPU.Build.0 = Release|Any CPU
		{DBE2BA67-DBC3-479E-A374-1CE5EE33C453}.Ad-Hoc|ARM.ActiveCfg = Release|Any CPU
		{DBE2BA67-DBC3-479E-A374-1CE5EE33C453}.Ad-Hoc|ARM.Build.0 = Release|Any CPU
		{DBE2BA67-DBC3-479E-A374-1CE5EE33C453}.Ad-Hoc|iPhone.ActiveCfg = Release|Any CPU
		{DBE2BA67-DBC3-479E-A374-1CE5EE33C453}.Ad-Hoc|iPhone.Build.0 = Release|Any CPU
		{DBE2BA67-DBC3-479E-A374-1CE5EE33C453}.Ad-Hoc|iPhoneSimulator.ActiveCfg = Release|Any CPU
		{DBE2BA67-DBC3-479E-A374-1CE5EE33C453}.Ad-Hoc|iPhoneSimulator.Build.0 = Release|Any CPU
		{DBE2BA67-DBC3-479E-A374-1CE5EE33C453}.Ad-Hoc|x64.ActiveCfg = Release|Any CPU
		{DBE2BA67-DBC3-479E-A374-1CE5EE33C453}.Ad-Hoc|x64.Build.0 = Release|Any CPU
		{DBE2BA67-DBC3-479E-A374-1CE5EE33C453}.Ad-Hoc|x86.ActiveCfg = Release|Any CPU
		{DBE2BA67-DBC3-479E-A374-1CE5EE33C453}.Ad-Hoc|x86.Build.0 = Release|Any CPU
		{DBE2BA67-DBC3-479E-A374-1CE5EE33C453}.AppStore|Any CPU.ActiveCfg = Release|Any CPU
		{DBE2BA67-DBC3-479E-A374-1CE5EE33C453}.AppStore|Any CPU.Build.0 = Release|Any CPU
		{DBE2BA67-DBC3-479E-A374-1CE5EE33C453}.AppStore|ARM.ActiveCfg = Release|Any CPU
		{DBE2BA67-DBC3-479E-A374-1CE5EE33C453}.AppStore|ARM.Build.0 = Release|Any CPU
		{DBE2BA67-DBC3-479E-A374-1CE5EE33C453}.AppStore|iPhone.ActiveCfg = Release|Any CPU
		{DBE2BA67-DBC3-479E-A374-1CE5EE33C453}.AppStore|iPhone.Build.0 = Release|Any CPU
		{DBE2BA67-DBC3-479E-A374-1CE5EE33C453}.AppStore|iPhoneSimulator.ActiveCfg = Release|Any CPU
		{DBE2BA67-DBC3-479E-A374-1CE5EE33C453}.AppStore|iPhoneSimulator.Build.0 = Release|Any CPU
		{DBE2BA67-DBC3-479E-A374-1CE5EE33C453}.AppStore|x64.ActiveCfg = Release|Any CPU
		{DBE2BA67-DBC3-479E-A374-1CE5EE33C453}.AppStore|x64.Build.0 = Release|Any CPU
		{DBE2BA67-DBC3-479E-A374-1CE5EE33C453}.AppStore|x86.ActiveCfg = Release|Any CPU
		{DBE2BA67-DBC3-479E-A374-1CE5EE33C453}.AppStore|x86.Build.0 = Release|Any CPU
		{DBE2BA67-DBC3-479E-A374-1CE5EE33C453}.Debug|Any CPU.ActiveCfg = Debug|Any CPU
		{DBE2BA67-DBC3-479E-A374-1CE5EE33C453}.Debug|Any CPU.Build.0 = Debug|Any CPU
		{DBE2BA67-DBC3-479E-A374-1CE5EE33C453}.Debug|ARM.ActiveCfg = Debug|Any CPU
		{DBE2BA67-DBC3-479E-A374-1CE5EE33C453}.Debug|ARM.Build.0 = Debug|Any CPU
		{DBE2BA67-DBC3-479E-A374-1CE5EE33C453}.Debug|iPhone.ActiveCfg = Debug|Any CPU
		{DBE2BA67-DBC3-479E-A374-1CE5EE33C453}.Debug|iPhone.Build.0 = Debug|Any CPU
		{DBE2BA67-DBC3-479E-A374-1CE5EE33C453}.Debug|iPhoneSimulator.ActiveCfg = Debug|Any CPU
		{DBE2BA67-DBC3-479E-A374-1CE5EE33C453}.Debug|iPhoneSimulator.Build.0 = Debug|Any CPU
		{DBE2BA67-DBC3-479E-A374-1CE5EE33C453}.Debug|x64.ActiveCfg = Debug|Any CPU
		{DBE2BA67-DBC3-479E-A374-1CE5EE33C453}.Debug|x64.Build.0 = Debug|Any CPU
		{DBE2BA67-DBC3-479E-A374-1CE5EE33C453}.Debug|x86.ActiveCfg = Debug|Any CPU
		{DBE2BA67-DBC3-479E-A374-1CE5EE33C453}.Debug|x86.Build.0 = Debug|Any CPU
		{DBE2BA67-DBC3-479E-A374-1CE5EE33C453}.Release|Any CPU.ActiveCfg = Release|Any CPU
		{DBE2BA67-DBC3-479E-A374-1CE5EE33C453}.Release|Any CPU.Build.0 = Release|Any CPU
		{DBE2BA67-DBC3-479E-A374-1CE5EE33C453}.Release|ARM.ActiveCfg = Release|Any CPU
		{DBE2BA67-DBC3-479E-A374-1CE5EE33C453}.Release|ARM.Build.0 = Release|Any CPU
		{DBE2BA67-DBC3-479E-A374-1CE5EE33C453}.Release|iPhone.ActiveCfg = Release|Any CPU
		{DBE2BA67-DBC3-479E-A374-1CE5EE33C453}.Release|iPhone.Build.0 = Release|Any CPU
		{DBE2BA67-DBC3-479E-A374-1CE5EE33C453}.Release|iPhoneSimulator.ActiveCfg = Release|Any CPU
		{DBE2BA67-DBC3-479E-A374-1CE5EE33C453}.Release|iPhoneSimulator.Build.0 = Release|Any CPU
		{DBE2BA67-DBC3-479E-A374-1CE5EE33C453}.Release|x64.ActiveCfg = Release|Any CPU
		{DBE2BA67-DBC3-479E-A374-1CE5EE33C453}.Release|x64.Build.0 = Release|Any CPU
		{DBE2BA67-DBC3-479E-A374-1CE5EE33C453}.Release|x86.ActiveCfg = Release|Any CPU
		{DBE2BA67-DBC3-479E-A374-1CE5EE33C453}.Release|x86.Build.0 = Release|Any CPU
		{05961EF8-AFF3-4F65-B71A-65176224BE9D}.Ad-Hoc|Any CPU.ActiveCfg = Release|Any CPU
		{05961EF8-AFF3-4F65-B71A-65176224BE9D}.Ad-Hoc|Any CPU.Build.0 = Release|Any CPU
		{05961EF8-AFF3-4F65-B71A-65176224BE9D}.Ad-Hoc|ARM.ActiveCfg = Release|Any CPU
		{05961EF8-AFF3-4F65-B71A-65176224BE9D}.Ad-Hoc|ARM.Build.0 = Release|Any CPU
		{05961EF8-AFF3-4F65-B71A-65176224BE9D}.Ad-Hoc|iPhone.ActiveCfg = Release|Any CPU
		{05961EF8-AFF3-4F65-B71A-65176224BE9D}.Ad-Hoc|iPhone.Build.0 = Release|Any CPU
		{05961EF8-AFF3-4F65-B71A-65176224BE9D}.Ad-Hoc|iPhoneSimulator.ActiveCfg = Release|Any CPU
		{05961EF8-AFF3-4F65-B71A-65176224BE9D}.Ad-Hoc|iPhoneSimulator.Build.0 = Release|Any CPU
		{05961EF8-AFF3-4F65-B71A-65176224BE9D}.Ad-Hoc|x64.ActiveCfg = Release|Any CPU
		{05961EF8-AFF3-4F65-B71A-65176224BE9D}.Ad-Hoc|x64.Build.0 = Release|Any CPU
		{05961EF8-AFF3-4F65-B71A-65176224BE9D}.Ad-Hoc|x86.ActiveCfg = Release|Any CPU
		{05961EF8-AFF3-4F65-B71A-65176224BE9D}.Ad-Hoc|x86.Build.0 = Release|Any CPU
		{05961EF8-AFF3-4F65-B71A-65176224BE9D}.AppStore|Any CPU.ActiveCfg = Release|Any CPU
		{05961EF8-AFF3-4F65-B71A-65176224BE9D}.AppStore|Any CPU.Build.0 = Release|Any CPU
		{05961EF8-AFF3-4F65-B71A-65176224BE9D}.AppStore|ARM.ActiveCfg = Release|Any CPU
		{05961EF8-AFF3-4F65-B71A-65176224BE9D}.AppStore|ARM.Build.0 = Release|Any CPU
		{05961EF8-AFF3-4F65-B71A-65176224BE9D}.AppStore|iPhone.ActiveCfg = Release|Any CPU
		{05961EF8-AFF3-4F65-B71A-65176224BE9D}.AppStore|iPhone.Build.0 = Release|Any CPU
		{05961EF8-AFF3-4F65-B71A-65176224BE9D}.AppStore|iPhoneSimulator.ActiveCfg = Release|Any CPU
		{05961EF8-AFF3-4F65-B71A-65176224BE9D}.AppStore|iPhoneSimulator.Build.0 = Release|Any CPU
		{05961EF8-AFF3-4F65-B71A-65176224BE9D}.AppStore|x64.ActiveCfg = Release|Any CPU
		{05961EF8-AFF3-4F65-B71A-65176224BE9D}.AppStore|x64.Build.0 = Release|Any CPU
		{05961EF8-AFF3-4F65-B71A-65176224BE9D}.AppStore|x86.ActiveCfg = Release|Any CPU
		{05961EF8-AFF3-4F65-B71A-65176224BE9D}.AppStore|x86.Build.0 = Release|Any CPU
		{05961EF8-AFF3-4F65-B71A-65176224BE9D}.Debug|Any CPU.ActiveCfg = Debug|Any CPU
		{05961EF8-AFF3-4F65-B71A-65176224BE9D}.Debug|Any CPU.Build.0 = Debug|Any CPU
		{05961EF8-AFF3-4F65-B71A-65176224BE9D}.Debug|ARM.ActiveCfg = Debug|Any CPU
		{05961EF8-AFF3-4F65-B71A-65176224BE9D}.Debug|ARM.Build.0 = Debug|Any CPU
		{05961EF8-AFF3-4F65-B71A-65176224BE9D}.Debug|iPhone.ActiveCfg = Debug|Any CPU
		{05961EF8-AFF3-4F65-B71A-65176224BE9D}.Debug|iPhone.Build.0 = Debug|Any CPU
		{05961EF8-AFF3-4F65-B71A-65176224BE9D}.Debug|iPhoneSimulator.ActiveCfg = Debug|Any CPU
		{05961EF8-AFF3-4F65-B71A-65176224BE9D}.Debug|iPhoneSimulator.Build.0 = Debug|Any CPU
		{05961EF8-AFF3-4F65-B71A-65176224BE9D}.Debug|x64.ActiveCfg = Debug|Any CPU
		{05961EF8-AFF3-4F65-B71A-65176224BE9D}.Debug|x64.Build.0 = Debug|Any CPU
		{05961EF8-AFF3-4F65-B71A-65176224BE9D}.Debug|x86.ActiveCfg = Debug|Any CPU
		{05961EF8-AFF3-4F65-B71A-65176224BE9D}.Debug|x86.Build.0 = Debug|Any CPU
		{05961EF8-AFF3-4F65-B71A-65176224BE9D}.Release|Any CPU.ActiveCfg = Release|Any CPU
		{05961EF8-AFF3-4F65-B71A-65176224BE9D}.Release|Any CPU.Build.0 = Release|Any CPU
		{05961EF8-AFF3-4F65-B71A-65176224BE9D}.Release|ARM.ActiveCfg = Release|Any CPU
		{05961EF8-AFF3-4F65-B71A-65176224BE9D}.Release|ARM.Build.0 = Release|Any CPU
		{05961EF8-AFF3-4F65-B71A-65176224BE9D}.Release|iPhone.ActiveCfg = Release|Any CPU
		{05961EF8-AFF3-4F65-B71A-65176224BE9D}.Release|iPhone.Build.0 = Release|Any CPU
		{05961EF8-AFF3-4F65-B71A-65176224BE9D}.Release|iPhoneSimulator.ActiveCfg = Release|Any CPU
		{05961EF8-AFF3-4F65-B71A-65176224BE9D}.Release|iPhoneSimulator.Build.0 = Release|Any CPU
		{05961EF8-AFF3-4F65-B71A-65176224BE9D}.Release|x64.ActiveCfg = Release|Any CPU
		{05961EF8-AFF3-4F65-B71A-65176224BE9D}.Release|x64.Build.0 = Release|Any CPU
		{05961EF8-AFF3-4F65-B71A-65176224BE9D}.Release|x86.ActiveCfg = Release|Any CPU
		{05961EF8-AFF3-4F65-B71A-65176224BE9D}.Release|x86.Build.0 = Release|Any CPU
		{BAC954F8-3137-4840-9CEB-9852709070B2}.Ad-Hoc|Any CPU.ActiveCfg = Release|Any CPU
		{BAC954F8-3137-4840-9CEB-9852709070B2}.Ad-Hoc|Any CPU.Build.0 = Release|Any CPU
		{BAC954F8-3137-4840-9CEB-9852709070B2}.Ad-Hoc|ARM.ActiveCfg = Release|Any CPU
		{BAC954F8-3137-4840-9CEB-9852709070B2}.Ad-Hoc|ARM.Build.0 = Release|Any CPU
		{BAC954F8-3137-4840-9CEB-9852709070B2}.Ad-Hoc|iPhone.ActiveCfg = Release|Any CPU
		{BAC954F8-3137-4840-9CEB-9852709070B2}.Ad-Hoc|iPhone.Build.0 = Release|Any CPU
		{BAC954F8-3137-4840-9CEB-9852709070B2}.Ad-Hoc|iPhoneSimulator.ActiveCfg = Release|Any CPU
		{BAC954F8-3137-4840-9CEB-9852709070B2}.Ad-Hoc|iPhoneSimulator.Build.0 = Release|Any CPU
		{BAC954F8-3137-4840-9CEB-9852709070B2}.Ad-Hoc|x64.ActiveCfg = Release|Any CPU
		{BAC954F8-3137-4840-9CEB-9852709070B2}.Ad-Hoc|x64.Build.0 = Release|Any CPU
		{BAC954F8-3137-4840-9CEB-9852709070B2}.Ad-Hoc|x86.ActiveCfg = Release|Any CPU
		{BAC954F8-3137-4840-9CEB-9852709070B2}.Ad-Hoc|x86.Build.0 = Release|Any CPU
		{BAC954F8-3137-4840-9CEB-9852709070B2}.AppStore|Any CPU.ActiveCfg = Release|Any CPU
		{BAC954F8-3137-4840-9CEB-9852709070B2}.AppStore|Any CPU.Build.0 = Release|Any CPU
		{BAC954F8-3137-4840-9CEB-9852709070B2}.AppStore|ARM.ActiveCfg = Release|Any CPU
		{BAC954F8-3137-4840-9CEB-9852709070B2}.AppStore|ARM.Build.0 = Release|Any CPU
		{BAC954F8-3137-4840-9CEB-9852709070B2}.AppStore|iPhone.ActiveCfg = Release|Any CPU
		{BAC954F8-3137-4840-9CEB-9852709070B2}.AppStore|iPhone.Build.0 = Release|Any CPU
		{BAC954F8-3137-4840-9CEB-9852709070B2}.AppStore|iPhoneSimulator.ActiveCfg = Release|Any CPU
		{BAC954F8-3137-4840-9CEB-9852709070B2}.AppStore|iPhoneSimulator.Build.0 = Release|Any CPU
		{BAC954F8-3137-4840-9CEB-9852709070B2}.AppStore|x64.ActiveCfg = Release|Any CPU
		{BAC954F8-3137-4840-9CEB-9852709070B2}.AppStore|x64.Build.0 = Release|Any CPU
		{BAC954F8-3137-4840-9CEB-9852709070B2}.AppStore|x86.ActiveCfg = Release|Any CPU
		{BAC954F8-3137-4840-9CEB-9852709070B2}.AppStore|x86.Build.0 = Release|Any CPU
		{BAC954F8-3137-4840-9CEB-9852709070B2}.Debug|Any CPU.ActiveCfg = Debug|Any CPU
		{BAC954F8-3137-4840-9CEB-9852709070B2}.Debug|Any CPU.Build.0 = Debug|Any CPU
		{BAC954F8-3137-4840-9CEB-9852709070B2}.Debug|ARM.ActiveCfg = Debug|Any CPU
		{BAC954F8-3137-4840-9CEB-9852709070B2}.Debug|ARM.Build.0 = Debug|Any CPU
		{BAC954F8-3137-4840-9CEB-9852709070B2}.Debug|iPhone.ActiveCfg = Debug|Any CPU
		{BAC954F8-3137-4840-9CEB-9852709070B2}.Debug|iPhone.Build.0 = Debug|Any CPU
		{BAC954F8-3137-4840-9CEB-9852709070B2}.Debug|iPhoneSimulator.ActiveCfg = Debug|Any CPU
		{BAC954F8-3137-4840-9CEB-9852709070B2}.Debug|iPhoneSimulator.Build.0 = Debug|Any CPU
		{BAC954F8-3137-4840-9CEB-9852709070B2}.Debug|x64.ActiveCfg = Debug|Any CPU
		{BAC954F8-3137-4840-9CEB-9852709070B2}.Debug|x64.Build.0 = Debug|Any CPU
		{BAC954F8-3137-4840-9CEB-9852709070B2}.Debug|x86.ActiveCfg = Debug|Any CPU
		{BAC954F8-3137-4840-9CEB-9852709070B2}.Debug|x86.Build.0 = Debug|Any CPU
		{BAC954F8-3137-4840-9CEB-9852709070B2}.Release|Any CPU.ActiveCfg = Release|Any CPU
		{BAC954F8-3137-4840-9CEB-9852709070B2}.Release|Any CPU.Build.0 = Release|Any CPU
		{BAC954F8-3137-4840-9CEB-9852709070B2}.Release|ARM.ActiveCfg = Release|Any CPU
		{BAC954F8-3137-4840-9CEB-9852709070B2}.Release|ARM.Build.0 = Release|Any CPU
		{BAC954F8-3137-4840-9CEB-9852709070B2}.Release|iPhone.ActiveCfg = Release|Any CPU
		{BAC954F8-3137-4840-9CEB-9852709070B2}.Release|iPhone.Build.0 = Release|Any CPU
		{BAC954F8-3137-4840-9CEB-9852709070B2}.Release|iPhoneSimulator.ActiveCfg = Release|Any CPU
		{BAC954F8-3137-4840-9CEB-9852709070B2}.Release|iPhoneSimulator.Build.0 = Release|Any CPU
		{BAC954F8-3137-4840-9CEB-9852709070B2}.Release|x64.ActiveCfg = Release|Any CPU
		{BAC954F8-3137-4840-9CEB-9852709070B2}.Release|x64.Build.0 = Release|Any CPU
		{BAC954F8-3137-4840-9CEB-9852709070B2}.Release|x86.ActiveCfg = Release|Any CPU
		{BAC954F8-3137-4840-9CEB-9852709070B2}.Release|x86.Build.0 = Release|Any CPU
		{29A7078E-F90C-438A-BCC4-FFE9216D8405}.Ad-Hoc|Any CPU.ActiveCfg = Release|Any CPU
		{29A7078E-F90C-438A-BCC4-FFE9216D8405}.Ad-Hoc|Any CPU.Build.0 = Release|Any CPU
		{29A7078E-F90C-438A-BCC4-FFE9216D8405}.Ad-Hoc|ARM.ActiveCfg = Release|Any CPU
		{29A7078E-F90C-438A-BCC4-FFE9216D8405}.Ad-Hoc|ARM.Build.0 = Release|Any CPU
		{29A7078E-F90C-438A-BCC4-FFE9216D8405}.Ad-Hoc|iPhone.ActiveCfg = Release|Any CPU
		{29A7078E-F90C-438A-BCC4-FFE9216D8405}.Ad-Hoc|iPhone.Build.0 = Release|Any CPU
		{29A7078E-F90C-438A-BCC4-FFE9216D8405}.Ad-Hoc|iPhoneSimulator.ActiveCfg = Release|Any CPU
		{29A7078E-F90C-438A-BCC4-FFE9216D8405}.Ad-Hoc|iPhoneSimulator.Build.0 = Release|Any CPU
		{29A7078E-F90C-438A-BCC4-FFE9216D8405}.Ad-Hoc|x64.ActiveCfg = Release|Any CPU
		{29A7078E-F90C-438A-BCC4-FFE9216D8405}.Ad-Hoc|x64.Build.0 = Release|Any CPU
		{29A7078E-F90C-438A-BCC4-FFE9216D8405}.Ad-Hoc|x86.ActiveCfg = Release|Any CPU
		{29A7078E-F90C-438A-BCC4-FFE9216D8405}.Ad-Hoc|x86.Build.0 = Release|Any CPU
		{29A7078E-F90C-438A-BCC4-FFE9216D8405}.AppStore|Any CPU.ActiveCfg = Release|Any CPU
		{29A7078E-F90C-438A-BCC4-FFE9216D8405}.AppStore|Any CPU.Build.0 = Release|Any CPU
		{29A7078E-F90C-438A-BCC4-FFE9216D8405}.AppStore|ARM.ActiveCfg = Release|Any CPU
		{29A7078E-F90C-438A-BCC4-FFE9216D8405}.AppStore|ARM.Build.0 = Release|Any CPU
		{29A7078E-F90C-438A-BCC4-FFE9216D8405}.AppStore|iPhone.ActiveCfg = Release|Any CPU
		{29A7078E-F90C-438A-BCC4-FFE9216D8405}.AppStore|iPhone.Build.0 = Release|Any CPU
		{29A7078E-F90C-438A-BCC4-FFE9216D8405}.AppStore|iPhoneSimulator.ActiveCfg = Release|Any CPU
		{29A7078E-F90C-438A-BCC4-FFE9216D8405}.AppStore|iPhoneSimulator.Build.0 = Release|Any CPU
		{29A7078E-F90C-438A-BCC4-FFE9216D8405}.AppStore|x64.ActiveCfg = Release|Any CPU
		{29A7078E-F90C-438A-BCC4-FFE9216D8405}.AppStore|x64.Build.0 = Release|Any CPU
		{29A7078E-F90C-438A-BCC4-FFE9216D8405}.AppStore|x86.ActiveCfg = Release|Any CPU
		{29A7078E-F90C-438A-BCC4-FFE9216D8405}.AppStore|x86.Build.0 = Release|Any CPU
		{29A7078E-F90C-438A-BCC4-FFE9216D8405}.Debug|Any CPU.ActiveCfg = Debug|Any CPU
		{29A7078E-F90C-438A-BCC4-FFE9216D8405}.Debug|Any CPU.Build.0 = Debug|Any CPU
		{29A7078E-F90C-438A-BCC4-FFE9216D8405}.Debug|ARM.ActiveCfg = Debug|Any CPU
		{29A7078E-F90C-438A-BCC4-FFE9216D8405}.Debug|ARM.Build.0 = Debug|Any CPU
		{29A7078E-F90C-438A-BCC4-FFE9216D8405}.Debug|iPhone.ActiveCfg = Debug|Any CPU
		{29A7078E-F90C-438A-BCC4-FFE9216D8405}.Debug|iPhone.Build.0 = Debug|Any CPU
		{29A7078E-F90C-438A-BCC4-FFE9216D8405}.Debug|iPhoneSimulator.ActiveCfg = Debug|Any CPU
		{29A7078E-F90C-438A-BCC4-FFE9216D8405}.Debug|iPhoneSimulator.Build.0 = Debug|Any CPU
		{29A7078E-F90C-438A-BCC4-FFE9216D8405}.Debug|x64.ActiveCfg = Debug|Any CPU
		{29A7078E-F90C-438A-BCC4-FFE9216D8405}.Debug|x64.Build.0 = Debug|Any CPU
		{29A7078E-F90C-438A-BCC4-FFE9216D8405}.Debug|x86.ActiveCfg = Debug|Any CPU
		{29A7078E-F90C-438A-BCC4-FFE9216D8405}.Debug|x86.Build.0 = Debug|Any CPU
		{29A7078E-F90C-438A-BCC4-FFE9216D8405}.Release|Any CPU.ActiveCfg = Release|Any CPU
		{29A7078E-F90C-438A-BCC4-FFE9216D8405}.Release|Any CPU.Build.0 = Release|Any CPU
		{29A7078E-F90C-438A-BCC4-FFE9216D8405}.Release|ARM.ActiveCfg = Release|Any CPU
		{29A7078E-F90C-438A-BCC4-FFE9216D8405}.Release|ARM.Build.0 = Release|Any CPU
		{29A7078E-F90C-438A-BCC4-FFE9216D8405}.Release|iPhone.ActiveCfg = Release|Any CPU
		{29A7078E-F90C-438A-BCC4-FFE9216D8405}.Release|iPhone.Build.0 = Release|Any CPU
		{29A7078E-F90C-438A-BCC4-FFE9216D8405}.Release|iPhoneSimulator.ActiveCfg = Release|Any CPU
		{29A7078E-F90C-438A-BCC4-FFE9216D8405}.Release|iPhoneSimulator.Build.0 = Release|Any CPU
		{29A7078E-F90C-438A-BCC4-FFE9216D8405}.Release|x64.ActiveCfg = Release|Any CPU
		{29A7078E-F90C-438A-BCC4-FFE9216D8405}.Release|x64.Build.0 = Release|Any CPU
		{29A7078E-F90C-438A-BCC4-FFE9216D8405}.Release|x86.ActiveCfg = Release|Any CPU
		{29A7078E-F90C-438A-BCC4-FFE9216D8405}.Release|x86.Build.0 = Release|Any CPU
		{55F66A25-EAEC-48E2-B396-D824470E8C81}.Ad-Hoc|Any CPU.ActiveCfg = Release|Any CPU
		{55F66A25-EAEC-48E2-B396-D824470E8C81}.Ad-Hoc|Any CPU.Build.0 = Release|Any CPU
		{55F66A25-EAEC-48E2-B396-D824470E8C81}.Ad-Hoc|ARM.ActiveCfg = Release|Any CPU
		{55F66A25-EAEC-48E2-B396-D824470E8C81}.Ad-Hoc|ARM.Build.0 = Release|Any CPU
		{55F66A25-EAEC-48E2-B396-D824470E8C81}.Ad-Hoc|iPhone.ActiveCfg = Release|Any CPU
		{55F66A25-EAEC-48E2-B396-D824470E8C81}.Ad-Hoc|iPhone.Build.0 = Release|Any CPU
		{55F66A25-EAEC-48E2-B396-D824470E8C81}.Ad-Hoc|iPhoneSimulator.ActiveCfg = Release|Any CPU
		{55F66A25-EAEC-48E2-B396-D824470E8C81}.Ad-Hoc|iPhoneSimulator.Build.0 = Release|Any CPU
		{55F66A25-EAEC-48E2-B396-D824470E8C81}.Ad-Hoc|x64.ActiveCfg = Release|Any CPU
		{55F66A25-EAEC-48E2-B396-D824470E8C81}.Ad-Hoc|x64.Build.0 = Release|Any CPU
		{55F66A25-EAEC-48E2-B396-D824470E8C81}.Ad-Hoc|x86.ActiveCfg = Release|Any CPU
		{55F66A25-EAEC-48E2-B396-D824470E8C81}.Ad-Hoc|x86.Build.0 = Release|Any CPU
		{55F66A25-EAEC-48E2-B396-D824470E8C81}.AppStore|Any CPU.ActiveCfg = Release|Any CPU
		{55F66A25-EAEC-48E2-B396-D824470E8C81}.AppStore|Any CPU.Build.0 = Release|Any CPU
		{55F66A25-EAEC-48E2-B396-D824470E8C81}.AppStore|ARM.ActiveCfg = Release|Any CPU
		{55F66A25-EAEC-48E2-B396-D824470E8C81}.AppStore|ARM.Build.0 = Release|Any CPU
		{55F66A25-EAEC-48E2-B396-D824470E8C81}.AppStore|iPhone.ActiveCfg = Release|Any CPU
		{55F66A25-EAEC-48E2-B396-D824470E8C81}.AppStore|iPhone.Build.0 = Release|Any CPU
		{55F66A25-EAEC-48E2-B396-D824470E8C81}.AppStore|iPhoneSimulator.ActiveCfg = Release|Any CPU
		{55F66A25-EAEC-48E2-B396-D824470E8C81}.AppStore|iPhoneSimulator.Build.0 = Release|Any CPU
		{55F66A25-EAEC-48E2-B396-D824470E8C81}.AppStore|x64.ActiveCfg = Release|Any CPU
		{55F66A25-EAEC-48E2-B396-D824470E8C81}.AppStore|x64.Build.0 = Release|Any CPU
		{55F66A25-EAEC-48E2-B396-D824470E8C81}.AppStore|x86.ActiveCfg = Release|Any CPU
		{55F66A25-EAEC-48E2-B396-D824470E8C81}.AppStore|x86.Build.0 = Release|Any CPU
		{55F66A25-EAEC-48E2-B396-D824470E8C81}.Debug|Any CPU.ActiveCfg = Debug|Any CPU
		{55F66A25-EAEC-48E2-B396-D824470E8C81}.Debug|Any CPU.Build.0 = Debug|Any CPU
		{55F66A25-EAEC-48E2-B396-D824470E8C81}.Debug|ARM.ActiveCfg = Debug|Any CPU
		{55F66A25-EAEC-48E2-B396-D824470E8C81}.Debug|ARM.Build.0 = Debug|Any CPU
		{55F66A25-EAEC-48E2-B396-D824470E8C81}.Debug|iPhone.ActiveCfg = Debug|Any CPU
		{55F66A25-EAEC-48E2-B396-D824470E8C81}.Debug|iPhone.Build.0 = Debug|Any CPU
		{55F66A25-EAEC-48E2-B396-D824470E8C81}.Debug|iPhoneSimulator.ActiveCfg = Debug|Any CPU
		{55F66A25-EAEC-48E2-B396-D824470E8C81}.Debug|iPhoneSimulator.Build.0 = Debug|Any CPU
		{55F66A25-EAEC-48E2-B396-D824470E8C81}.Debug|x64.ActiveCfg = Debug|Any CPU
		{55F66A25-EAEC-48E2-B396-D824470E8C81}.Debug|x64.Build.0 = Debug|Any CPU
		{55F66A25-EAEC-48E2-B396-D824470E8C81}.Debug|x86.ActiveCfg = Debug|Any CPU
		{55F66A25-EAEC-48E2-B396-D824470E8C81}.Debug|x86.Build.0 = Debug|Any CPU
		{55F66A25-EAEC-48E2-B396-D824470E8C81}.Release|Any CPU.ActiveCfg = Release|Any CPU
		{55F66A25-EAEC-48E2-B396-D824470E8C81}.Release|Any CPU.Build.0 = Release|Any CPU
		{55F66A25-EAEC-48E2-B396-D824470E8C81}.Release|ARM.ActiveCfg = Release|Any CPU
		{55F66A25-EAEC-48E2-B396-D824470E8C81}.Release|ARM.Build.0 = Release|Any CPU
		{55F66A25-EAEC-48E2-B396-D824470E8C81}.Release|iPhone.ActiveCfg = Release|Any CPU
		{55F66A25-EAEC-48E2-B396-D824470E8C81}.Release|iPhone.Build.0 = Release|Any CPU
		{55F66A25-EAEC-48E2-B396-D824470E8C81}.Release|iPhoneSimulator.ActiveCfg = Release|Any CPU
		{55F66A25-EAEC-48E2-B396-D824470E8C81}.Release|iPhoneSimulator.Build.0 = Release|Any CPU
		{55F66A25-EAEC-48E2-B396-D824470E8C81}.Release|x64.ActiveCfg = Release|Any CPU
		{55F66A25-EAEC-48E2-B396-D824470E8C81}.Release|x64.Build.0 = Release|Any CPU
		{55F66A25-EAEC-48E2-B396-D824470E8C81}.Release|x86.ActiveCfg = Release|Any CPU
		{55F66A25-EAEC-48E2-B396-D824470E8C81}.Release|x86.Build.0 = Release|Any CPU
		{713A0A22-0AD9-41A9-B808-70FC88431FB5}.Ad-Hoc|Any CPU.ActiveCfg = Release|Any CPU
		{713A0A22-0AD9-41A9-B808-70FC88431FB5}.Ad-Hoc|Any CPU.Build.0 = Release|Any CPU
		{713A0A22-0AD9-41A9-B808-70FC88431FB5}.Ad-Hoc|ARM.ActiveCfg = Release|ARM
		{713A0A22-0AD9-41A9-B808-70FC88431FB5}.Ad-Hoc|ARM.Build.0 = Release|ARM
		{713A0A22-0AD9-41A9-B808-70FC88431FB5}.Ad-Hoc|iPhone.ActiveCfg = Release|Any CPU
		{713A0A22-0AD9-41A9-B808-70FC88431FB5}.Ad-Hoc|iPhone.Build.0 = Release|Any CPU
		{713A0A22-0AD9-41A9-B808-70FC88431FB5}.Ad-Hoc|iPhoneSimulator.ActiveCfg = Release|Any CPU
		{713A0A22-0AD9-41A9-B808-70FC88431FB5}.Ad-Hoc|iPhoneSimulator.Build.0 = Release|Any CPU
		{713A0A22-0AD9-41A9-B808-70FC88431FB5}.Ad-Hoc|x64.ActiveCfg = Release|x64
		{713A0A22-0AD9-41A9-B808-70FC88431FB5}.Ad-Hoc|x64.Build.0 = Release|x64
		{713A0A22-0AD9-41A9-B808-70FC88431FB5}.Ad-Hoc|x86.ActiveCfg = Release|x86
		{713A0A22-0AD9-41A9-B808-70FC88431FB5}.Ad-Hoc|x86.Build.0 = Release|x86
		{713A0A22-0AD9-41A9-B808-70FC88431FB5}.AppStore|Any CPU.ActiveCfg = Release|Any CPU
		{713A0A22-0AD9-41A9-B808-70FC88431FB5}.AppStore|Any CPU.Build.0 = Release|Any CPU
		{713A0A22-0AD9-41A9-B808-70FC88431FB5}.AppStore|ARM.ActiveCfg = Release|ARM
		{713A0A22-0AD9-41A9-B808-70FC88431FB5}.AppStore|ARM.Build.0 = Release|ARM
		{713A0A22-0AD9-41A9-B808-70FC88431FB5}.AppStore|iPhone.ActiveCfg = Release|Any CPU
		{713A0A22-0AD9-41A9-B808-70FC88431FB5}.AppStore|iPhone.Build.0 = Release|Any CPU
		{713A0A22-0AD9-41A9-B808-70FC88431FB5}.AppStore|iPhoneSimulator.ActiveCfg = Release|Any CPU
		{713A0A22-0AD9-41A9-B808-70FC88431FB5}.AppStore|iPhoneSimulator.Build.0 = Release|Any CPU
		{713A0A22-0AD9-41A9-B808-70FC88431FB5}.AppStore|x64.ActiveCfg = Release|x64
		{713A0A22-0AD9-41A9-B808-70FC88431FB5}.AppStore|x64.Build.0 = Release|x64
		{713A0A22-0AD9-41A9-B808-70FC88431FB5}.AppStore|x86.ActiveCfg = Release|x86
		{713A0A22-0AD9-41A9-B808-70FC88431FB5}.AppStore|x86.Build.0 = Release|x86
		{713A0A22-0AD9-41A9-B808-70FC88431FB5}.Debug|Any CPU.ActiveCfg = Debug|Any CPU
		{713A0A22-0AD9-41A9-B808-70FC88431FB5}.Debug|Any CPU.Build.0 = Debug|Any CPU
		{713A0A22-0AD9-41A9-B808-70FC88431FB5}.Debug|ARM.ActiveCfg = Debug|ARM
		{713A0A22-0AD9-41A9-B808-70FC88431FB5}.Debug|ARM.Build.0 = Debug|ARM
		{713A0A22-0AD9-41A9-B808-70FC88431FB5}.Debug|iPhone.ActiveCfg = Debug|Any CPU
		{713A0A22-0AD9-41A9-B808-70FC88431FB5}.Debug|iPhone.Build.0 = Debug|Any CPU
		{713A0A22-0AD9-41A9-B808-70FC88431FB5}.Debug|iPhoneSimulator.ActiveCfg = Debug|Any CPU
		{713A0A22-0AD9-41A9-B808-70FC88431FB5}.Debug|iPhoneSimulator.Build.0 = Debug|Any CPU
		{713A0A22-0AD9-41A9-B808-70FC88431FB5}.Debug|x64.ActiveCfg = Debug|x64
		{713A0A22-0AD9-41A9-B808-70FC88431FB5}.Debug|x64.Build.0 = Debug|x64
		{713A0A22-0AD9-41A9-B808-70FC88431FB5}.Debug|x86.ActiveCfg = Debug|x86
		{713A0A22-0AD9-41A9-B808-70FC88431FB5}.Debug|x86.Build.0 = Debug|x86
		{713A0A22-0AD9-41A9-B808-70FC88431FB5}.Release|Any CPU.ActiveCfg = Release|Any CPU
		{713A0A22-0AD9-41A9-B808-70FC88431FB5}.Release|Any CPU.Build.0 = Release|Any CPU
		{713A0A22-0AD9-41A9-B808-70FC88431FB5}.Release|ARM.ActiveCfg = Release|ARM
		{713A0A22-0AD9-41A9-B808-70FC88431FB5}.Release|ARM.Build.0 = Release|ARM
		{713A0A22-0AD9-41A9-B808-70FC88431FB5}.Release|iPhone.ActiveCfg = Release|Any CPU
		{713A0A22-0AD9-41A9-B808-70FC88431FB5}.Release|iPhone.Build.0 = Release|Any CPU
		{713A0A22-0AD9-41A9-B808-70FC88431FB5}.Release|iPhoneSimulator.ActiveCfg = Release|Any CPU
		{713A0A22-0AD9-41A9-B808-70FC88431FB5}.Release|iPhoneSimulator.Build.0 = Release|Any CPU
		{713A0A22-0AD9-41A9-B808-70FC88431FB5}.Release|x64.ActiveCfg = Release|x64
		{713A0A22-0AD9-41A9-B808-70FC88431FB5}.Release|x64.Build.0 = Release|x64
		{713A0A22-0AD9-41A9-B808-70FC88431FB5}.Release|x86.ActiveCfg = Release|x86
		{713A0A22-0AD9-41A9-B808-70FC88431FB5}.Release|x86.Build.0 = Release|x86
		{43EEDD43-150C-4F41-8D37-FE6D602E3D4E}.Ad-Hoc|Any CPU.ActiveCfg = Release|Any CPU
		{43EEDD43-150C-4F41-8D37-FE6D602E3D4E}.Ad-Hoc|Any CPU.Build.0 = Release|Any CPU
		{43EEDD43-150C-4F41-8D37-FE6D602E3D4E}.Ad-Hoc|ARM.ActiveCfg = Release|Any CPU
		{43EEDD43-150C-4F41-8D37-FE6D602E3D4E}.Ad-Hoc|ARM.Build.0 = Release|Any CPU
		{43EEDD43-150C-4F41-8D37-FE6D602E3D4E}.Ad-Hoc|iPhone.ActiveCfg = Release|Any CPU
		{43EEDD43-150C-4F41-8D37-FE6D602E3D4E}.Ad-Hoc|iPhone.Build.0 = Release|Any CPU
		{43EEDD43-150C-4F41-8D37-FE6D602E3D4E}.Ad-Hoc|iPhoneSimulator.ActiveCfg = Release|Any CPU
		{43EEDD43-150C-4F41-8D37-FE6D602E3D4E}.Ad-Hoc|iPhoneSimulator.Build.0 = Release|Any CPU
		{43EEDD43-150C-4F41-8D37-FE6D602E3D4E}.Ad-Hoc|x64.ActiveCfg = Release|Any CPU
		{43EEDD43-150C-4F41-8D37-FE6D602E3D4E}.Ad-Hoc|x64.Build.0 = Release|Any CPU
		{43EEDD43-150C-4F41-8D37-FE6D602E3D4E}.Ad-Hoc|x86.ActiveCfg = Release|Any CPU
		{43EEDD43-150C-4F41-8D37-FE6D602E3D4E}.Ad-Hoc|x86.Build.0 = Release|Any CPU
		{43EEDD43-150C-4F41-8D37-FE6D602E3D4E}.AppStore|Any CPU.ActiveCfg = Release|Any CPU
		{43EEDD43-150C-4F41-8D37-FE6D602E3D4E}.AppStore|Any CPU.Build.0 = Release|Any CPU
		{43EEDD43-150C-4F41-8D37-FE6D602E3D4E}.AppStore|ARM.ActiveCfg = Release|Any CPU
		{43EEDD43-150C-4F41-8D37-FE6D602E3D4E}.AppStore|ARM.Build.0 = Release|Any CPU
		{43EEDD43-150C-4F41-8D37-FE6D602E3D4E}.AppStore|iPhone.ActiveCfg = Release|Any CPU
		{43EEDD43-150C-4F41-8D37-FE6D602E3D4E}.AppStore|iPhone.Build.0 = Release|Any CPU
		{43EEDD43-150C-4F41-8D37-FE6D602E3D4E}.AppStore|iPhoneSimulator.ActiveCfg = Release|Any CPU
		{43EEDD43-150C-4F41-8D37-FE6D602E3D4E}.AppStore|iPhoneSimulator.Build.0 = Release|Any CPU
		{43EEDD43-150C-4F41-8D37-FE6D602E3D4E}.AppStore|x64.ActiveCfg = Release|Any CPU
		{43EEDD43-150C-4F41-8D37-FE6D602E3D4E}.AppStore|x64.Build.0 = Release|Any CPU
		{43EEDD43-150C-4F41-8D37-FE6D602E3D4E}.AppStore|x86.ActiveCfg = Release|Any CPU
		{43EEDD43-150C-4F41-8D37-FE6D602E3D4E}.AppStore|x86.Build.0 = Release|Any CPU
		{43EEDD43-150C-4F41-8D37-FE6D602E3D4E}.Debug|Any CPU.ActiveCfg = Debug|Any CPU
		{43EEDD43-150C-4F41-8D37-FE6D602E3D4E}.Debug|Any CPU.Build.0 = Debug|Any CPU
		{43EEDD43-150C-4F41-8D37-FE6D602E3D4E}.Debug|ARM.ActiveCfg = Debug|Any CPU
		{43EEDD43-150C-4F41-8D37-FE6D602E3D4E}.Debug|ARM.Build.0 = Debug|Any CPU
		{43EEDD43-150C-4F41-8D37-FE6D602E3D4E}.Debug|iPhone.ActiveCfg = Debug|Any CPU
		{43EEDD43-150C-4F41-8D37-FE6D602E3D4E}.Debug|iPhone.Build.0 = Debug|Any CPU
		{43EEDD43-150C-4F41-8D37-FE6D602E3D4E}.Debug|iPhoneSimulator.ActiveCfg = Debug|Any CPU
		{43EEDD43-150C-4F41-8D37-FE6D602E3D4E}.Debug|iPhoneSimulator.Build.0 = Debug|Any CPU
		{43EEDD43-150C-4F41-8D37-FE6D602E3D4E}.Debug|x64.ActiveCfg = Debug|Any CPU
		{43EEDD43-150C-4F41-8D37-FE6D602E3D4E}.Debug|x64.Build.0 = Debug|Any CPU
		{43EEDD43-150C-4F41-8D37-FE6D602E3D4E}.Debug|x86.ActiveCfg = Debug|Any CPU
		{43EEDD43-150C-4F41-8D37-FE6D602E3D4E}.Debug|x86.Build.0 = Debug|Any CPU
		{43EEDD43-150C-4F41-8D37-FE6D602E3D4E}.Release|Any CPU.ActiveCfg = Release|Any CPU
		{43EEDD43-150C-4F41-8D37-FE6D602E3D4E}.Release|Any CPU.Build.0 = Release|Any CPU
		{43EEDD43-150C-4F41-8D37-FE6D602E3D4E}.Release|ARM.ActiveCfg = Release|Any CPU
		{43EEDD43-150C-4F41-8D37-FE6D602E3D4E}.Release|ARM.Build.0 = Release|Any CPU
		{43EEDD43-150C-4F41-8D37-FE6D602E3D4E}.Release|iPhone.ActiveCfg = Release|Any CPU
		{43EEDD43-150C-4F41-8D37-FE6D602E3D4E}.Release|iPhone.Build.0 = Release|Any CPU
		{43EEDD43-150C-4F41-8D37-FE6D602E3D4E}.Release|iPhoneSimulator.ActiveCfg = Release|Any CPU
		{43EEDD43-150C-4F41-8D37-FE6D602E3D4E}.Release|iPhoneSimulator.Build.0 = Release|Any CPU
		{43EEDD43-150C-4F41-8D37-FE6D602E3D4E}.Release|x64.ActiveCfg = Release|Any CPU
		{43EEDD43-150C-4F41-8D37-FE6D602E3D4E}.Release|x64.Build.0 = Release|Any CPU
		{43EEDD43-150C-4F41-8D37-FE6D602E3D4E}.Release|x86.ActiveCfg = Release|Any CPU
		{43EEDD43-150C-4F41-8D37-FE6D602E3D4E}.Release|x86.Build.0 = Release|Any CPU
		{5C7EC9D4-88B9-4EA2-BEA1-3BF3F17858B4}.Ad-Hoc|Any CPU.ActiveCfg = Release|Any CPU
		{5C7EC9D4-88B9-4EA2-BEA1-3BF3F17858B4}.Ad-Hoc|Any CPU.Build.0 = Release|Any CPU
		{5C7EC9D4-88B9-4EA2-BEA1-3BF3F17858B4}.Ad-Hoc|ARM.ActiveCfg = Release|Any CPU
		{5C7EC9D4-88B9-4EA2-BEA1-3BF3F17858B4}.Ad-Hoc|ARM.Build.0 = Release|Any CPU
		{5C7EC9D4-88B9-4EA2-BEA1-3BF3F17858B4}.Ad-Hoc|iPhone.ActiveCfg = Release|Any CPU
		{5C7EC9D4-88B9-4EA2-BEA1-3BF3F17858B4}.Ad-Hoc|iPhone.Build.0 = Release|Any CPU
		{5C7EC9D4-88B9-4EA2-BEA1-3BF3F17858B4}.Ad-Hoc|iPhoneSimulator.ActiveCfg = Release|Any CPU
		{5C7EC9D4-88B9-4EA2-BEA1-3BF3F17858B4}.Ad-Hoc|iPhoneSimulator.Build.0 = Release|Any CPU
		{5C7EC9D4-88B9-4EA2-BEA1-3BF3F17858B4}.Ad-Hoc|x64.ActiveCfg = Release|Any CPU
		{5C7EC9D4-88B9-4EA2-BEA1-3BF3F17858B4}.Ad-Hoc|x64.Build.0 = Release|Any CPU
		{5C7EC9D4-88B9-4EA2-BEA1-3BF3F17858B4}.Ad-Hoc|x86.ActiveCfg = Release|Any CPU
		{5C7EC9D4-88B9-4EA2-BEA1-3BF3F17858B4}.Ad-Hoc|x86.Build.0 = Release|Any CPU
		{5C7EC9D4-88B9-4EA2-BEA1-3BF3F17858B4}.AppStore|Any CPU.ActiveCfg = Release|Any CPU
		{5C7EC9D4-88B9-4EA2-BEA1-3BF3F17858B4}.AppStore|Any CPU.Build.0 = Release|Any CPU
		{5C7EC9D4-88B9-4EA2-BEA1-3BF3F17858B4}.AppStore|ARM.ActiveCfg = Release|Any CPU
		{5C7EC9D4-88B9-4EA2-BEA1-3BF3F17858B4}.AppStore|ARM.Build.0 = Release|Any CPU
		{5C7EC9D4-88B9-4EA2-BEA1-3BF3F17858B4}.AppStore|iPhone.ActiveCfg = Release|Any CPU
		{5C7EC9D4-88B9-4EA2-BEA1-3BF3F17858B4}.AppStore|iPhone.Build.0 = Release|Any CPU
		{5C7EC9D4-88B9-4EA2-BEA1-3BF3F17858B4}.AppStore|iPhoneSimulator.ActiveCfg = Release|Any CPU
		{5C7EC9D4-88B9-4EA2-BEA1-3BF3F17858B4}.AppStore|iPhoneSimulator.Build.0 = Release|Any CPU
		{5C7EC9D4-88B9-4EA2-BEA1-3BF3F17858B4}.AppStore|x64.ActiveCfg = Release|Any CPU
		{5C7EC9D4-88B9-4EA2-BEA1-3BF3F17858B4}.AppStore|x64.Build.0 = Release|Any CPU
		{5C7EC9D4-88B9-4EA2-BEA1-3BF3F17858B4}.AppStore|x86.ActiveCfg = Release|Any CPU
		{5C7EC9D4-88B9-4EA2-BEA1-3BF3F17858B4}.AppStore|x86.Build.0 = Release|Any CPU
		{5C7EC9D4-88B9-4EA2-BEA1-3BF3F17858B4}.Debug|Any CPU.ActiveCfg = Debug|Any CPU
		{5C7EC9D4-88B9-4EA2-BEA1-3BF3F17858B4}.Debug|Any CPU.Build.0 = Debug|Any CPU
		{5C7EC9D4-88B9-4EA2-BEA1-3BF3F17858B4}.Debug|ARM.ActiveCfg = Debug|Any CPU
		{5C7EC9D4-88B9-4EA2-BEA1-3BF3F17858B4}.Debug|ARM.Build.0 = Debug|Any CPU
		{5C7EC9D4-88B9-4EA2-BEA1-3BF3F17858B4}.Debug|iPhone.ActiveCfg = Debug|Any CPU
		{5C7EC9D4-88B9-4EA2-BEA1-3BF3F17858B4}.Debug|iPhone.Build.0 = Debug|Any CPU
		{5C7EC9D4-88B9-4EA2-BEA1-3BF3F17858B4}.Debug|iPhoneSimulator.ActiveCfg = Debug|Any CPU
		{5C7EC9D4-88B9-4EA2-BEA1-3BF3F17858B4}.Debug|iPhoneSimulator.Build.0 = Debug|Any CPU
		{5C7EC9D4-88B9-4EA2-BEA1-3BF3F17858B4}.Debug|x64.ActiveCfg = Debug|Any CPU
		{5C7EC9D4-88B9-4EA2-BEA1-3BF3F17858B4}.Debug|x64.Build.0 = Debug|Any CPU
		{5C7EC9D4-88B9-4EA2-BEA1-3BF3F17858B4}.Debug|x86.ActiveCfg = Debug|Any CPU
		{5C7EC9D4-88B9-4EA2-BEA1-3BF3F17858B4}.Debug|x86.Build.0 = Debug|Any CPU
		{5C7EC9D4-88B9-4EA2-BEA1-3BF3F17858B4}.Release|Any CPU.ActiveCfg = Release|Any CPU
		{5C7EC9D4-88B9-4EA2-BEA1-3BF3F17858B4}.Release|Any CPU.Build.0 = Release|Any CPU
		{5C7EC9D4-88B9-4EA2-BEA1-3BF3F17858B4}.Release|ARM.ActiveCfg = Release|Any CPU
		{5C7EC9D4-88B9-4EA2-BEA1-3BF3F17858B4}.Release|ARM.Build.0 = Release|Any CPU
		{5C7EC9D4-88B9-4EA2-BEA1-3BF3F17858B4}.Release|iPhone.ActiveCfg = Release|Any CPU
		{5C7EC9D4-88B9-4EA2-BEA1-3BF3F17858B4}.Release|iPhone.Build.0 = Release|Any CPU
		{5C7EC9D4-88B9-4EA2-BEA1-3BF3F17858B4}.Release|iPhoneSimulator.ActiveCfg = Release|Any CPU
		{5C7EC9D4-88B9-4EA2-BEA1-3BF3F17858B4}.Release|iPhoneSimulator.Build.0 = Release|Any CPU
		{5C7EC9D4-88B9-4EA2-BEA1-3BF3F17858B4}.Release|x64.ActiveCfg = Release|Any CPU
		{5C7EC9D4-88B9-4EA2-BEA1-3BF3F17858B4}.Release|x64.Build.0 = Release|Any CPU
		{5C7EC9D4-88B9-4EA2-BEA1-3BF3F17858B4}.Release|x86.ActiveCfg = Release|Any CPU
		{5C7EC9D4-88B9-4EA2-BEA1-3BF3F17858B4}.Release|x86.Build.0 = Release|Any CPU
		{D20C3A24-49B6-4CC8-9282-9FF9866281A4}.Ad-Hoc|Any CPU.ActiveCfg = Release|Any CPU
		{D20C3A24-49B6-4CC8-9282-9FF9866281A4}.Ad-Hoc|Any CPU.Build.0 = Release|Any CPU
		{D20C3A24-49B6-4CC8-9282-9FF9866281A4}.Ad-Hoc|Any CPU.Deploy.0 = Release|Any CPU
		{D20C3A24-49B6-4CC8-9282-9FF9866281A4}.Ad-Hoc|ARM.ActiveCfg = Release|Any CPU
		{D20C3A24-49B6-4CC8-9282-9FF9866281A4}.Ad-Hoc|ARM.Build.0 = Release|Any CPU
		{D20C3A24-49B6-4CC8-9282-9FF9866281A4}.Ad-Hoc|ARM.Deploy.0 = Release|Any CPU
		{D20C3A24-49B6-4CC8-9282-9FF9866281A4}.Ad-Hoc|iPhone.ActiveCfg = Release|Any CPU
		{D20C3A24-49B6-4CC8-9282-9FF9866281A4}.Ad-Hoc|iPhone.Build.0 = Release|Any CPU
		{D20C3A24-49B6-4CC8-9282-9FF9866281A4}.Ad-Hoc|iPhone.Deploy.0 = Release|Any CPU
		{D20C3A24-49B6-4CC8-9282-9FF9866281A4}.Ad-Hoc|iPhoneSimulator.ActiveCfg = Release|Any CPU
		{D20C3A24-49B6-4CC8-9282-9FF9866281A4}.Ad-Hoc|iPhoneSimulator.Build.0 = Release|Any CPU
		{D20C3A24-49B6-4CC8-9282-9FF9866281A4}.Ad-Hoc|iPhoneSimulator.Deploy.0 = Release|Any CPU
		{D20C3A24-49B6-4CC8-9282-9FF9866281A4}.Ad-Hoc|x64.ActiveCfg = Release|Any CPU
		{D20C3A24-49B6-4CC8-9282-9FF9866281A4}.Ad-Hoc|x64.Build.0 = Release|Any CPU
		{D20C3A24-49B6-4CC8-9282-9FF9866281A4}.Ad-Hoc|x64.Deploy.0 = Release|Any CPU
		{D20C3A24-49B6-4CC8-9282-9FF9866281A4}.Ad-Hoc|x86.ActiveCfg = Release|Any CPU
		{D20C3A24-49B6-4CC8-9282-9FF9866281A4}.Ad-Hoc|x86.Build.0 = Release|Any CPU
		{D20C3A24-49B6-4CC8-9282-9FF9866281A4}.Ad-Hoc|x86.Deploy.0 = Release|Any CPU
		{D20C3A24-49B6-4CC8-9282-9FF9866281A4}.AppStore|Any CPU.ActiveCfg = Release|Any CPU
		{D20C3A24-49B6-4CC8-9282-9FF9866281A4}.AppStore|Any CPU.Build.0 = Release|Any CPU
		{D20C3A24-49B6-4CC8-9282-9FF9866281A4}.AppStore|Any CPU.Deploy.0 = Release|Any CPU
		{D20C3A24-49B6-4CC8-9282-9FF9866281A4}.AppStore|ARM.ActiveCfg = Release|Any CPU
		{D20C3A24-49B6-4CC8-9282-9FF9866281A4}.AppStore|ARM.Build.0 = Release|Any CPU
		{D20C3A24-49B6-4CC8-9282-9FF9866281A4}.AppStore|ARM.Deploy.0 = Release|Any CPU
		{D20C3A24-49B6-4CC8-9282-9FF9866281A4}.AppStore|iPhone.ActiveCfg = Release|Any CPU
		{D20C3A24-49B6-4CC8-9282-9FF9866281A4}.AppStore|iPhone.Build.0 = Release|Any CPU
		{D20C3A24-49B6-4CC8-9282-9FF9866281A4}.AppStore|iPhone.Deploy.0 = Release|Any CPU
		{D20C3A24-49B6-4CC8-9282-9FF9866281A4}.AppStore|iPhoneSimulator.ActiveCfg = Release|Any CPU
		{D20C3A24-49B6-4CC8-9282-9FF9866281A4}.AppStore|iPhoneSimulator.Build.0 = Release|Any CPU
		{D20C3A24-49B6-4CC8-9282-9FF9866281A4}.AppStore|iPhoneSimulator.Deploy.0 = Release|Any CPU
		{D20C3A24-49B6-4CC8-9282-9FF9866281A4}.AppStore|x64.ActiveCfg = Release|Any CPU
		{D20C3A24-49B6-4CC8-9282-9FF9866281A4}.AppStore|x64.Build.0 = Release|Any CPU
		{D20C3A24-49B6-4CC8-9282-9FF9866281A4}.AppStore|x64.Deploy.0 = Release|Any CPU
		{D20C3A24-49B6-4CC8-9282-9FF9866281A4}.AppStore|x86.ActiveCfg = Release|Any CPU
		{D20C3A24-49B6-4CC8-9282-9FF9866281A4}.AppStore|x86.Build.0 = Release|Any CPU
		{D20C3A24-49B6-4CC8-9282-9FF9866281A4}.AppStore|x86.Deploy.0 = Release|Any CPU
		{D20C3A24-49B6-4CC8-9282-9FF9866281A4}.Debug|Any CPU.ActiveCfg = Debug|Any CPU
		{D20C3A24-49B6-4CC8-9282-9FF9866281A4}.Debug|Any CPU.Build.0 = Debug|Any CPU
		{D20C3A24-49B6-4CC8-9282-9FF9866281A4}.Debug|Any CPU.Deploy.0 = Debug|Any CPU
		{D20C3A24-49B6-4CC8-9282-9FF9866281A4}.Debug|ARM.ActiveCfg = Debug|Any CPU
		{D20C3A24-49B6-4CC8-9282-9FF9866281A4}.Debug|ARM.Build.0 = Debug|Any CPU
		{D20C3A24-49B6-4CC8-9282-9FF9866281A4}.Debug|ARM.Deploy.0 = Debug|Any CPU
		{D20C3A24-49B6-4CC8-9282-9FF9866281A4}.Debug|iPhone.ActiveCfg = Debug|Any CPU
		{D20C3A24-49B6-4CC8-9282-9FF9866281A4}.Debug|iPhone.Build.0 = Debug|Any CPU
		{D20C3A24-49B6-4CC8-9282-9FF9866281A4}.Debug|iPhone.Deploy.0 = Debug|Any CPU
		{D20C3A24-49B6-4CC8-9282-9FF9866281A4}.Debug|iPhoneSimulator.ActiveCfg = Debug|Any CPU
		{D20C3A24-49B6-4CC8-9282-9FF9866281A4}.Debug|iPhoneSimulator.Build.0 = Debug|Any CPU
		{D20C3A24-49B6-4CC8-9282-9FF9866281A4}.Debug|iPhoneSimulator.Deploy.0 = Debug|Any CPU
		{D20C3A24-49B6-4CC8-9282-9FF9866281A4}.Debug|x64.ActiveCfg = Debug|Any CPU
		{D20C3A24-49B6-4CC8-9282-9FF9866281A4}.Debug|x64.Build.0 = Debug|Any CPU
		{D20C3A24-49B6-4CC8-9282-9FF9866281A4}.Debug|x64.Deploy.0 = Debug|Any CPU
		{D20C3A24-49B6-4CC8-9282-9FF9866281A4}.Debug|x86.ActiveCfg = Debug|Any CPU
		{D20C3A24-49B6-4CC8-9282-9FF9866281A4}.Debug|x86.Build.0 = Debug|Any CPU
		{D20C3A24-49B6-4CC8-9282-9FF9866281A4}.Debug|x86.Deploy.0 = Debug|Any CPU
		{D20C3A24-49B6-4CC8-9282-9FF9866281A4}.Release|Any CPU.ActiveCfg = Release|Any CPU
		{D20C3A24-49B6-4CC8-9282-9FF9866281A4}.Release|Any CPU.Build.0 = Release|Any CPU
		{D20C3A24-49B6-4CC8-9282-9FF9866281A4}.Release|Any CPU.Deploy.0 = Release|Any CPU
		{D20C3A24-49B6-4CC8-9282-9FF9866281A4}.Release|ARM.ActiveCfg = Release|Any CPU
		{D20C3A24-49B6-4CC8-9282-9FF9866281A4}.Release|ARM.Build.0 = Release|Any CPU
		{D20C3A24-49B6-4CC8-9282-9FF9866281A4}.Release|ARM.Deploy.0 = Release|Any CPU
		{D20C3A24-49B6-4CC8-9282-9FF9866281A4}.Release|iPhone.ActiveCfg = Release|Any CPU
		{D20C3A24-49B6-4CC8-9282-9FF9866281A4}.Release|iPhone.Build.0 = Release|Any CPU
		{D20C3A24-49B6-4CC8-9282-9FF9866281A4}.Release|iPhone.Deploy.0 = Release|Any CPU
		{D20C3A24-49B6-4CC8-9282-9FF9866281A4}.Release|iPhoneSimulator.ActiveCfg = Release|Any CPU
		{D20C3A24-49B6-4CC8-9282-9FF9866281A4}.Release|iPhoneSimulator.Build.0 = Release|Any CPU
		{D20C3A24-49B6-4CC8-9282-9FF9866281A4}.Release|iPhoneSimulator.Deploy.0 = Release|Any CPU
		{D20C3A24-49B6-4CC8-9282-9FF9866281A4}.Release|x64.ActiveCfg = Release|Any CPU
		{D20C3A24-49B6-4CC8-9282-9FF9866281A4}.Release|x64.Build.0 = Release|Any CPU
		{D20C3A24-49B6-4CC8-9282-9FF9866281A4}.Release|x64.Deploy.0 = Release|Any CPU
		{D20C3A24-49B6-4CC8-9282-9FF9866281A4}.Release|x86.ActiveCfg = Release|Any CPU
		{D20C3A24-49B6-4CC8-9282-9FF9866281A4}.Release|x86.Build.0 = Release|Any CPU
		{D20C3A24-49B6-4CC8-9282-9FF9866281A4}.Release|x86.Deploy.0 = Release|Any CPU
		{8F645A68-C6C5-4134-9EA3-300130343232}.Ad-Hoc|Any CPU.ActiveCfg = Release|Any CPU
		{8F645A68-C6C5-4134-9EA3-300130343232}.Ad-Hoc|Any CPU.Build.0 = Release|Any CPU
		{8F645A68-C6C5-4134-9EA3-300130343232}.Ad-Hoc|ARM.ActiveCfg = Release|Any CPU
		{8F645A68-C6C5-4134-9EA3-300130343232}.Ad-Hoc|ARM.Build.0 = Release|Any CPU
		{8F645A68-C6C5-4134-9EA3-300130343232}.Ad-Hoc|iPhone.ActiveCfg = Release|Any CPU
		{8F645A68-C6C5-4134-9EA3-300130343232}.Ad-Hoc|iPhone.Build.0 = Release|Any CPU
		{8F645A68-C6C5-4134-9EA3-300130343232}.Ad-Hoc|iPhoneSimulator.ActiveCfg = Release|Any CPU
		{8F645A68-C6C5-4134-9EA3-300130343232}.Ad-Hoc|iPhoneSimulator.Build.0 = Release|Any CPU
		{8F645A68-C6C5-4134-9EA3-300130343232}.Ad-Hoc|x64.ActiveCfg = Release|Any CPU
		{8F645A68-C6C5-4134-9EA3-300130343232}.Ad-Hoc|x64.Build.0 = Release|Any CPU
		{8F645A68-C6C5-4134-9EA3-300130343232}.Ad-Hoc|x86.ActiveCfg = Release|Any CPU
		{8F645A68-C6C5-4134-9EA3-300130343232}.Ad-Hoc|x86.Build.0 = Release|Any CPU
		{8F645A68-C6C5-4134-9EA3-300130343232}.AppStore|Any CPU.ActiveCfg = Release|Any CPU
		{8F645A68-C6C5-4134-9EA3-300130343232}.AppStore|Any CPU.Build.0 = Release|Any CPU
		{8F645A68-C6C5-4134-9EA3-300130343232}.AppStore|ARM.ActiveCfg = Release|Any CPU
		{8F645A68-C6C5-4134-9EA3-300130343232}.AppStore|ARM.Build.0 = Release|Any CPU
		{8F645A68-C6C5-4134-9EA3-300130343232}.AppStore|iPhone.ActiveCfg = Release|Any CPU
		{8F645A68-C6C5-4134-9EA3-300130343232}.AppStore|iPhone.Build.0 = Release|Any CPU
		{8F645A68-C6C5-4134-9EA3-300130343232}.AppStore|iPhoneSimulator.ActiveCfg = Release|Any CPU
		{8F645A68-C6C5-4134-9EA3-300130343232}.AppStore|iPhoneSimulator.Build.0 = Release|Any CPU
		{8F645A68-C6C5-4134-9EA3-300130343232}.AppStore|x64.ActiveCfg = Release|Any CPU
		{8F645A68-C6C5-4134-9EA3-300130343232}.AppStore|x64.Build.0 = Release|Any CPU
		{8F645A68-C6C5-4134-9EA3-300130343232}.AppStore|x86.ActiveCfg = Release|Any CPU
		{8F645A68-C6C5-4134-9EA3-300130343232}.AppStore|x86.Build.0 = Release|Any CPU
		{8F645A68-C6C5-4134-9EA3-300130343232}.Debug|Any CPU.ActiveCfg = Debug|Any CPU
		{8F645A68-C6C5-4134-9EA3-300130343232}.Debug|Any CPU.Build.0 = Debug|Any CPU
		{8F645A68-C6C5-4134-9EA3-300130343232}.Debug|ARM.ActiveCfg = Debug|Any CPU
		{8F645A68-C6C5-4134-9EA3-300130343232}.Debug|ARM.Build.0 = Debug|Any CPU
		{8F645A68-C6C5-4134-9EA3-300130343232}.Debug|iPhone.ActiveCfg = Debug|Any CPU
		{8F645A68-C6C5-4134-9EA3-300130343232}.Debug|iPhone.Build.0 = Debug|Any CPU
		{8F645A68-C6C5-4134-9EA3-300130343232}.Debug|iPhoneSimulator.ActiveCfg = Debug|Any CPU
		{8F645A68-C6C5-4134-9EA3-300130343232}.Debug|iPhoneSimulator.Build.0 = Debug|Any CPU
		{8F645A68-C6C5-4134-9EA3-300130343232}.Debug|x64.ActiveCfg = Debug|Any CPU
		{8F645A68-C6C5-4134-9EA3-300130343232}.Debug|x64.Build.0 = Debug|Any CPU
		{8F645A68-C6C5-4134-9EA3-300130343232}.Debug|x86.ActiveCfg = Debug|Any CPU
		{8F645A68-C6C5-4134-9EA3-300130343232}.Debug|x86.Build.0 = Debug|Any CPU
		{8F645A68-C6C5-4134-9EA3-300130343232}.Release|Any CPU.ActiveCfg = Release|Any CPU
		{8F645A68-C6C5-4134-9EA3-300130343232}.Release|Any CPU.Build.0 = Release|Any CPU
		{8F645A68-C6C5-4134-9EA3-300130343232}.Release|ARM.ActiveCfg = Release|Any CPU
		{8F645A68-C6C5-4134-9EA3-300130343232}.Release|ARM.Build.0 = Release|Any CPU
		{8F645A68-C6C5-4134-9EA3-300130343232}.Release|iPhone.ActiveCfg = Release|Any CPU
		{8F645A68-C6C5-4134-9EA3-300130343232}.Release|iPhone.Build.0 = Release|Any CPU
		{8F645A68-C6C5-4134-9EA3-300130343232}.Release|iPhoneSimulator.ActiveCfg = Release|Any CPU
		{8F645A68-C6C5-4134-9EA3-300130343232}.Release|iPhoneSimulator.Build.0 = Release|Any CPU
		{8F645A68-C6C5-4134-9EA3-300130343232}.Release|x64.ActiveCfg = Release|Any CPU
		{8F645A68-C6C5-4134-9EA3-300130343232}.Release|x64.Build.0 = Release|Any CPU
		{8F645A68-C6C5-4134-9EA3-300130343232}.Release|x86.ActiveCfg = Release|Any CPU
		{8F645A68-C6C5-4134-9EA3-300130343232}.Release|x86.Build.0 = Release|Any CPU
		{63D2B5DB-DA98-4774-83D0-4CBB8D3D2F94}.Ad-Hoc|Any CPU.ActiveCfg = Release|x64
		{63D2B5DB-DA98-4774-83D0-4CBB8D3D2F94}.Ad-Hoc|Any CPU.Build.0 = Release|x64
		{63D2B5DB-DA98-4774-83D0-4CBB8D3D2F94}.Ad-Hoc|Any CPU.Deploy.0 = Release|x64
		{63D2B5DB-DA98-4774-83D0-4CBB8D3D2F94}.Ad-Hoc|ARM.ActiveCfg = Release|ARM
		{63D2B5DB-DA98-4774-83D0-4CBB8D3D2F94}.Ad-Hoc|ARM.Build.0 = Release|ARM
		{63D2B5DB-DA98-4774-83D0-4CBB8D3D2F94}.Ad-Hoc|ARM.Deploy.0 = Release|ARM
		{63D2B5DB-DA98-4774-83D0-4CBB8D3D2F94}.Ad-Hoc|iPhone.ActiveCfg = Release|x64
		{63D2B5DB-DA98-4774-83D0-4CBB8D3D2F94}.Ad-Hoc|iPhone.Build.0 = Release|x64
		{63D2B5DB-DA98-4774-83D0-4CBB8D3D2F94}.Ad-Hoc|iPhone.Deploy.0 = Release|x64
		{63D2B5DB-DA98-4774-83D0-4CBB8D3D2F94}.Ad-Hoc|iPhoneSimulator.ActiveCfg = Release|x64
		{63D2B5DB-DA98-4774-83D0-4CBB8D3D2F94}.Ad-Hoc|iPhoneSimulator.Build.0 = Release|x64
		{63D2B5DB-DA98-4774-83D0-4CBB8D3D2F94}.Ad-Hoc|iPhoneSimulator.Deploy.0 = Release|x64
		{63D2B5DB-DA98-4774-83D0-4CBB8D3D2F94}.Ad-Hoc|x64.ActiveCfg = Release|x64
		{63D2B5DB-DA98-4774-83D0-4CBB8D3D2F94}.Ad-Hoc|x64.Build.0 = Release|x64
		{63D2B5DB-DA98-4774-83D0-4CBB8D3D2F94}.Ad-Hoc|x64.Deploy.0 = Release|x64
		{63D2B5DB-DA98-4774-83D0-4CBB8D3D2F94}.Ad-Hoc|x86.ActiveCfg = Release|x86
		{63D2B5DB-DA98-4774-83D0-4CBB8D3D2F94}.Ad-Hoc|x86.Build.0 = Release|x86
		{63D2B5DB-DA98-4774-83D0-4CBB8D3D2F94}.Ad-Hoc|x86.Deploy.0 = Release|x86
		{63D2B5DB-DA98-4774-83D0-4CBB8D3D2F94}.AppStore|Any CPU.ActiveCfg = Release|x64
		{63D2B5DB-DA98-4774-83D0-4CBB8D3D2F94}.AppStore|Any CPU.Build.0 = Release|x64
		{63D2B5DB-DA98-4774-83D0-4CBB8D3D2F94}.AppStore|Any CPU.Deploy.0 = Release|x64
		{63D2B5DB-DA98-4774-83D0-4CBB8D3D2F94}.AppStore|ARM.ActiveCfg = Release|ARM
		{63D2B5DB-DA98-4774-83D0-4CBB8D3D2F94}.AppStore|ARM.Build.0 = Release|ARM
		{63D2B5DB-DA98-4774-83D0-4CBB8D3D2F94}.AppStore|ARM.Deploy.0 = Release|ARM
		{63D2B5DB-DA98-4774-83D0-4CBB8D3D2F94}.AppStore|iPhone.ActiveCfg = Release|x64
		{63D2B5DB-DA98-4774-83D0-4CBB8D3D2F94}.AppStore|iPhone.Build.0 = Release|x64
		{63D2B5DB-DA98-4774-83D0-4CBB8D3D2F94}.AppStore|iPhone.Deploy.0 = Release|x64
		{63D2B5DB-DA98-4774-83D0-4CBB8D3D2F94}.AppStore|iPhoneSimulator.ActiveCfg = Release|x64
		{63D2B5DB-DA98-4774-83D0-4CBB8D3D2F94}.AppStore|iPhoneSimulator.Build.0 = Release|x64
		{63D2B5DB-DA98-4774-83D0-4CBB8D3D2F94}.AppStore|iPhoneSimulator.Deploy.0 = Release|x64
		{63D2B5DB-DA98-4774-83D0-4CBB8D3D2F94}.AppStore|x64.ActiveCfg = Release|x64
		{63D2B5DB-DA98-4774-83D0-4CBB8D3D2F94}.AppStore|x64.Build.0 = Release|x64
		{63D2B5DB-DA98-4774-83D0-4CBB8D3D2F94}.AppStore|x64.Deploy.0 = Release|x64
		{63D2B5DB-DA98-4774-83D0-4CBB8D3D2F94}.AppStore|x86.ActiveCfg = Release|x86
		{63D2B5DB-DA98-4774-83D0-4CBB8D3D2F94}.AppStore|x86.Build.0 = Release|x86
		{63D2B5DB-DA98-4774-83D0-4CBB8D3D2F94}.AppStore|x86.Deploy.0 = Release|x86
		{63D2B5DB-DA98-4774-83D0-4CBB8D3D2F94}.Debug|Any CPU.ActiveCfg = Debug|x86
		{63D2B5DB-DA98-4774-83D0-4CBB8D3D2F94}.Debug|Any CPU.Build.0 = Debug|x86
		{63D2B5DB-DA98-4774-83D0-4CBB8D3D2F94}.Debug|Any CPU.Deploy.0 = Debug|x86
		{63D2B5DB-DA98-4774-83D0-4CBB8D3D2F94}.Debug|ARM.ActiveCfg = Debug|ARM
		{63D2B5DB-DA98-4774-83D0-4CBB8D3D2F94}.Debug|ARM.Build.0 = Debug|ARM
		{63D2B5DB-DA98-4774-83D0-4CBB8D3D2F94}.Debug|ARM.Deploy.0 = Debug|ARM
		{63D2B5DB-DA98-4774-83D0-4CBB8D3D2F94}.Debug|iPhone.ActiveCfg = Debug|x86
		{63D2B5DB-DA98-4774-83D0-4CBB8D3D2F94}.Debug|iPhoneSimulator.ActiveCfg = Debug|x86
		{63D2B5DB-DA98-4774-83D0-4CBB8D3D2F94}.Debug|x64.ActiveCfg = Debug|x64
		{63D2B5DB-DA98-4774-83D0-4CBB8D3D2F94}.Debug|x64.Build.0 = Debug|x64
		{63D2B5DB-DA98-4774-83D0-4CBB8D3D2F94}.Debug|x64.Deploy.0 = Debug|x64
		{63D2B5DB-DA98-4774-83D0-4CBB8D3D2F94}.Debug|x86.ActiveCfg = Debug|x86
		{63D2B5DB-DA98-4774-83D0-4CBB8D3D2F94}.Debug|x86.Build.0 = Debug|x86
		{63D2B5DB-DA98-4774-83D0-4CBB8D3D2F94}.Debug|x86.Deploy.0 = Debug|x86
		{63D2B5DB-DA98-4774-83D0-4CBB8D3D2F94}.Release|Any CPU.ActiveCfg = Release|x86
		{63D2B5DB-DA98-4774-83D0-4CBB8D3D2F94}.Release|ARM.ActiveCfg = Release|ARM
		{63D2B5DB-DA98-4774-83D0-4CBB8D3D2F94}.Release|ARM.Build.0 = Release|ARM
		{63D2B5DB-DA98-4774-83D0-4CBB8D3D2F94}.Release|ARM.Deploy.0 = Release|ARM
		{63D2B5DB-DA98-4774-83D0-4CBB8D3D2F94}.Release|iPhone.ActiveCfg = Release|x86
		{63D2B5DB-DA98-4774-83D0-4CBB8D3D2F94}.Release|iPhoneSimulator.ActiveCfg = Release|x86
		{63D2B5DB-DA98-4774-83D0-4CBB8D3D2F94}.Release|x64.ActiveCfg = Release|x64
		{63D2B5DB-DA98-4774-83D0-4CBB8D3D2F94}.Release|x64.Build.0 = Release|x64
		{63D2B5DB-DA98-4774-83D0-4CBB8D3D2F94}.Release|x64.Deploy.0 = Release|x64
		{63D2B5DB-DA98-4774-83D0-4CBB8D3D2F94}.Release|x86.ActiveCfg = Release|x86
		{63D2B5DB-DA98-4774-83D0-4CBB8D3D2F94}.Release|x86.Build.0 = Release|x86
		{63D2B5DB-DA98-4774-83D0-4CBB8D3D2F94}.Release|x86.Deploy.0 = Release|x86
		{426E8137-0FD9-43B9-A5E6-4A0D49C90A6F}.Ad-Hoc|Any CPU.ActiveCfg = Release|Any CPU
		{426E8137-0FD9-43B9-A5E6-4A0D49C90A6F}.Ad-Hoc|Any CPU.Build.0 = Release|Any CPU
		{426E8137-0FD9-43B9-A5E6-4A0D49C90A6F}.Ad-Hoc|ARM.ActiveCfg = Release|Any CPU
		{426E8137-0FD9-43B9-A5E6-4A0D49C90A6F}.Ad-Hoc|ARM.Build.0 = Release|Any CPU
		{426E8137-0FD9-43B9-A5E6-4A0D49C90A6F}.Ad-Hoc|iPhone.ActiveCfg = Release|Any CPU
		{426E8137-0FD9-43B9-A5E6-4A0D49C90A6F}.Ad-Hoc|iPhone.Build.0 = Release|Any CPU
		{426E8137-0FD9-43B9-A5E6-4A0D49C90A6F}.Ad-Hoc|iPhoneSimulator.ActiveCfg = Release|Any CPU
		{426E8137-0FD9-43B9-A5E6-4A0D49C90A6F}.Ad-Hoc|iPhoneSimulator.Build.0 = Release|Any CPU
		{426E8137-0FD9-43B9-A5E6-4A0D49C90A6F}.Ad-Hoc|x64.ActiveCfg = Release|Any CPU
		{426E8137-0FD9-43B9-A5E6-4A0D49C90A6F}.Ad-Hoc|x64.Build.0 = Release|Any CPU
		{426E8137-0FD9-43B9-A5E6-4A0D49C90A6F}.Ad-Hoc|x86.ActiveCfg = Release|Any CPU
		{426E8137-0FD9-43B9-A5E6-4A0D49C90A6F}.Ad-Hoc|x86.Build.0 = Release|Any CPU
		{426E8137-0FD9-43B9-A5E6-4A0D49C90A6F}.AppStore|Any CPU.ActiveCfg = Release|Any CPU
		{426E8137-0FD9-43B9-A5E6-4A0D49C90A6F}.AppStore|Any CPU.Build.0 = Release|Any CPU
		{426E8137-0FD9-43B9-A5E6-4A0D49C90A6F}.AppStore|ARM.ActiveCfg = Release|Any CPU
		{426E8137-0FD9-43B9-A5E6-4A0D49C90A6F}.AppStore|ARM.Build.0 = Release|Any CPU
		{426E8137-0FD9-43B9-A5E6-4A0D49C90A6F}.AppStore|iPhone.ActiveCfg = Release|Any CPU
		{426E8137-0FD9-43B9-A5E6-4A0D49C90A6F}.AppStore|iPhone.Build.0 = Release|Any CPU
		{426E8137-0FD9-43B9-A5E6-4A0D49C90A6F}.AppStore|iPhoneSimulator.ActiveCfg = Release|Any CPU
		{426E8137-0FD9-43B9-A5E6-4A0D49C90A6F}.AppStore|iPhoneSimulator.Build.0 = Release|Any CPU
		{426E8137-0FD9-43B9-A5E6-4A0D49C90A6F}.AppStore|x64.ActiveCfg = Release|Any CPU
		{426E8137-0FD9-43B9-A5E6-4A0D49C90A6F}.AppStore|x64.Build.0 = Release|Any CPU
		{426E8137-0FD9-43B9-A5E6-4A0D49C90A6F}.AppStore|x86.ActiveCfg = Release|Any CPU
		{426E8137-0FD9-43B9-A5E6-4A0D49C90A6F}.AppStore|x86.Build.0 = Release|Any CPU
		{426E8137-0FD9-43B9-A5E6-4A0D49C90A6F}.Debug|Any CPU.ActiveCfg = Debug|Any CPU
		{426E8137-0FD9-43B9-A5E6-4A0D49C90A6F}.Debug|Any CPU.Build.0 = Debug|Any CPU
		{426E8137-0FD9-43B9-A5E6-4A0D49C90A6F}.Debug|ARM.ActiveCfg = Debug|Any CPU
		{426E8137-0FD9-43B9-A5E6-4A0D49C90A6F}.Debug|ARM.Build.0 = Debug|Any CPU
		{426E8137-0FD9-43B9-A5E6-4A0D49C90A6F}.Debug|iPhone.ActiveCfg = Debug|Any CPU
		{426E8137-0FD9-43B9-A5E6-4A0D49C90A6F}.Debug|iPhone.Build.0 = Debug|Any CPU
		{426E8137-0FD9-43B9-A5E6-4A0D49C90A6F}.Debug|iPhoneSimulator.ActiveCfg = Debug|Any CPU
		{426E8137-0FD9-43B9-A5E6-4A0D49C90A6F}.Debug|iPhoneSimulator.Build.0 = Debug|Any CPU
		{426E8137-0FD9-43B9-A5E6-4A0D49C90A6F}.Debug|x64.ActiveCfg = Debug|Any CPU
		{426E8137-0FD9-43B9-A5E6-4A0D49C90A6F}.Debug|x64.Build.0 = Debug|Any CPU
		{426E8137-0FD9-43B9-A5E6-4A0D49C90A6F}.Debug|x86.ActiveCfg = Debug|Any CPU
		{426E8137-0FD9-43B9-A5E6-4A0D49C90A6F}.Debug|x86.Build.0 = Debug|Any CPU
		{426E8137-0FD9-43B9-A5E6-4A0D49C90A6F}.Release|Any CPU.ActiveCfg = Release|Any CPU
		{426E8137-0FD9-43B9-A5E6-4A0D49C90A6F}.Release|Any CPU.Build.0 = Release|Any CPU
		{426E8137-0FD9-43B9-A5E6-4A0D49C90A6F}.Release|ARM.ActiveCfg = Release|Any CPU
		{426E8137-0FD9-43B9-A5E6-4A0D49C90A6F}.Release|ARM.Build.0 = Release|Any CPU
		{426E8137-0FD9-43B9-A5E6-4A0D49C90A6F}.Release|iPhone.ActiveCfg = Release|Any CPU
		{426E8137-0FD9-43B9-A5E6-4A0D49C90A6F}.Release|iPhone.Build.0 = Release|Any CPU
		{426E8137-0FD9-43B9-A5E6-4A0D49C90A6F}.Release|iPhoneSimulator.ActiveCfg = Release|Any CPU
		{426E8137-0FD9-43B9-A5E6-4A0D49C90A6F}.Release|iPhoneSimulator.Build.0 = Release|Any CPU
		{426E8137-0FD9-43B9-A5E6-4A0D49C90A6F}.Release|x64.ActiveCfg = Release|Any CPU
		{426E8137-0FD9-43B9-A5E6-4A0D49C90A6F}.Release|x64.Build.0 = Release|Any CPU
		{426E8137-0FD9-43B9-A5E6-4A0D49C90A6F}.Release|x86.ActiveCfg = Release|Any CPU
		{426E8137-0FD9-43B9-A5E6-4A0D49C90A6F}.Release|x86.Build.0 = Release|Any CPU
		{3C9366EA-0A02-46BD-AF08-80BDC87B78F9}.Ad-Hoc|Any CPU.ActiveCfg = Ad-Hoc|iPhone
		{3C9366EA-0A02-46BD-AF08-80BDC87B78F9}.Ad-Hoc|ARM.ActiveCfg = Ad-Hoc|iPhone
		{3C9366EA-0A02-46BD-AF08-80BDC87B78F9}.Ad-Hoc|iPhone.ActiveCfg = Ad-Hoc|iPhone
		{3C9366EA-0A02-46BD-AF08-80BDC87B78F9}.Ad-Hoc|iPhone.Build.0 = Ad-Hoc|iPhone
		{3C9366EA-0A02-46BD-AF08-80BDC87B78F9}.Ad-Hoc|iPhoneSimulator.ActiveCfg = Ad-Hoc|iPhoneSimulator
		{3C9366EA-0A02-46BD-AF08-80BDC87B78F9}.Ad-Hoc|iPhoneSimulator.Build.0 = Ad-Hoc|iPhoneSimulator
		{3C9366EA-0A02-46BD-AF08-80BDC87B78F9}.Ad-Hoc|x64.ActiveCfg = Ad-Hoc|iPhone
		{3C9366EA-0A02-46BD-AF08-80BDC87B78F9}.Ad-Hoc|x86.ActiveCfg = Ad-Hoc|iPhone
		{3C9366EA-0A02-46BD-AF08-80BDC87B78F9}.AppStore|Any CPU.ActiveCfg = AppStore|iPhone
		{3C9366EA-0A02-46BD-AF08-80BDC87B78F9}.AppStore|ARM.ActiveCfg = AppStore|iPhone
		{3C9366EA-0A02-46BD-AF08-80BDC87B78F9}.AppStore|iPhone.ActiveCfg = AppStore|iPhone
		{3C9366EA-0A02-46BD-AF08-80BDC87B78F9}.AppStore|iPhone.Build.0 = AppStore|iPhone
		{3C9366EA-0A02-46BD-AF08-80BDC87B78F9}.AppStore|iPhoneSimulator.ActiveCfg = AppStore|iPhoneSimulator
		{3C9366EA-0A02-46BD-AF08-80BDC87B78F9}.AppStore|iPhoneSimulator.Build.0 = AppStore|iPhoneSimulator
		{3C9366EA-0A02-46BD-AF08-80BDC87B78F9}.AppStore|x64.ActiveCfg = AppStore|iPhone
		{3C9366EA-0A02-46BD-AF08-80BDC87B78F9}.AppStore|x86.ActiveCfg = AppStore|iPhone
		{3C9366EA-0A02-46BD-AF08-80BDC87B78F9}.Debug|Any CPU.ActiveCfg = Debug|iPhone
		{3C9366EA-0A02-46BD-AF08-80BDC87B78F9}.Debug|ARM.ActiveCfg = Debug|iPhone
		{3C9366EA-0A02-46BD-AF08-80BDC87B78F9}.Debug|iPhone.ActiveCfg = Debug|iPhone
		{3C9366EA-0A02-46BD-AF08-80BDC87B78F9}.Debug|iPhone.Build.0 = Debug|iPhone
		{3C9366EA-0A02-46BD-AF08-80BDC87B78F9}.Debug|iPhoneSimulator.ActiveCfg = Debug|iPhoneSimulator
		{3C9366EA-0A02-46BD-AF08-80BDC87B78F9}.Debug|iPhoneSimulator.Build.0 = Debug|iPhoneSimulator
		{3C9366EA-0A02-46BD-AF08-80BDC87B78F9}.Debug|x64.ActiveCfg = Debug|iPhone
		{3C9366EA-0A02-46BD-AF08-80BDC87B78F9}.Debug|x86.ActiveCfg = Debug|iPhone
		{3C9366EA-0A02-46BD-AF08-80BDC87B78F9}.Release|Any CPU.ActiveCfg = Release|iPhone
		{3C9366EA-0A02-46BD-AF08-80BDC87B78F9}.Release|ARM.ActiveCfg = Release|iPhone
		{3C9366EA-0A02-46BD-AF08-80BDC87B78F9}.Release|iPhone.ActiveCfg = Release|iPhone
		{3C9366EA-0A02-46BD-AF08-80BDC87B78F9}.Release|iPhone.Build.0 = Release|iPhone
		{3C9366EA-0A02-46BD-AF08-80BDC87B78F9}.Release|iPhoneSimulator.ActiveCfg = Release|iPhoneSimulator
		{3C9366EA-0A02-46BD-AF08-80BDC87B78F9}.Release|iPhoneSimulator.Build.0 = Release|iPhoneSimulator
		{3C9366EA-0A02-46BD-AF08-80BDC87B78F9}.Release|x64.ActiveCfg = Release|iPhone
		{3C9366EA-0A02-46BD-AF08-80BDC87B78F9}.Release|x86.ActiveCfg = Release|iPhone
		{39931F25-8BEF-42FC-9E7F-05D1F17FBA99}.Ad-Hoc|Any CPU.ActiveCfg = Release|Any CPU
		{39931F25-8BEF-42FC-9E7F-05D1F17FBA99}.Ad-Hoc|Any CPU.Build.0 = Release|Any CPU
		{39931F25-8BEF-42FC-9E7F-05D1F17FBA99}.Ad-Hoc|ARM.ActiveCfg = Release|Any CPU
		{39931F25-8BEF-42FC-9E7F-05D1F17FBA99}.Ad-Hoc|ARM.Build.0 = Release|Any CPU
		{39931F25-8BEF-42FC-9E7F-05D1F17FBA99}.Ad-Hoc|iPhone.ActiveCfg = Release|Any CPU
		{39931F25-8BEF-42FC-9E7F-05D1F17FBA99}.Ad-Hoc|iPhone.Build.0 = Release|Any CPU
		{39931F25-8BEF-42FC-9E7F-05D1F17FBA99}.Ad-Hoc|iPhoneSimulator.ActiveCfg = Release|Any CPU
		{39931F25-8BEF-42FC-9E7F-05D1F17FBA99}.Ad-Hoc|iPhoneSimulator.Build.0 = Release|Any CPU
		{39931F25-8BEF-42FC-9E7F-05D1F17FBA99}.Ad-Hoc|x64.ActiveCfg = Release|Any CPU
		{39931F25-8BEF-42FC-9E7F-05D1F17FBA99}.Ad-Hoc|x64.Build.0 = Release|Any CPU
		{39931F25-8BEF-42FC-9E7F-05D1F17FBA99}.Ad-Hoc|x86.ActiveCfg = Release|Any CPU
		{39931F25-8BEF-42FC-9E7F-05D1F17FBA99}.Ad-Hoc|x86.Build.0 = Release|Any CPU
		{39931F25-8BEF-42FC-9E7F-05D1F17FBA99}.AppStore|Any CPU.ActiveCfg = Release|Any CPU
		{39931F25-8BEF-42FC-9E7F-05D1F17FBA99}.AppStore|Any CPU.Build.0 = Release|Any CPU
		{39931F25-8BEF-42FC-9E7F-05D1F17FBA99}.AppStore|ARM.ActiveCfg = Release|Any CPU
		{39931F25-8BEF-42FC-9E7F-05D1F17FBA99}.AppStore|ARM.Build.0 = Release|Any CPU
		{39931F25-8BEF-42FC-9E7F-05D1F17FBA99}.AppStore|iPhone.ActiveCfg = Release|Any CPU
		{39931F25-8BEF-42FC-9E7F-05D1F17FBA99}.AppStore|iPhone.Build.0 = Release|Any CPU
		{39931F25-8BEF-42FC-9E7F-05D1F17FBA99}.AppStore|iPhoneSimulator.ActiveCfg = Release|Any CPU
		{39931F25-8BEF-42FC-9E7F-05D1F17FBA99}.AppStore|iPhoneSimulator.Build.0 = Release|Any CPU
		{39931F25-8BEF-42FC-9E7F-05D1F17FBA99}.AppStore|x64.ActiveCfg = Release|Any CPU
		{39931F25-8BEF-42FC-9E7F-05D1F17FBA99}.AppStore|x64.Build.0 = Release|Any CPU
		{39931F25-8BEF-42FC-9E7F-05D1F17FBA99}.AppStore|x86.ActiveCfg = Release|Any CPU
		{39931F25-8BEF-42FC-9E7F-05D1F17FBA99}.AppStore|x86.Build.0 = Release|Any CPU
		{39931F25-8BEF-42FC-9E7F-05D1F17FBA99}.Debug|Any CPU.ActiveCfg = Debug|Any CPU
		{39931F25-8BEF-42FC-9E7F-05D1F17FBA99}.Debug|Any CPU.Build.0 = Debug|Any CPU
		{39931F25-8BEF-42FC-9E7F-05D1F17FBA99}.Debug|ARM.ActiveCfg = Debug|Any CPU
		{39931F25-8BEF-42FC-9E7F-05D1F17FBA99}.Debug|ARM.Build.0 = Debug|Any CPU
		{39931F25-8BEF-42FC-9E7F-05D1F17FBA99}.Debug|iPhone.ActiveCfg = Debug|Any CPU
		{39931F25-8BEF-42FC-9E7F-05D1F17FBA99}.Debug|iPhone.Build.0 = Debug|Any CPU
		{39931F25-8BEF-42FC-9E7F-05D1F17FBA99}.Debug|iPhoneSimulator.ActiveCfg = Debug|Any CPU
		{39931F25-8BEF-42FC-9E7F-05D1F17FBA99}.Debug|iPhoneSimulator.Build.0 = Debug|Any CPU
		{39931F25-8BEF-42FC-9E7F-05D1F17FBA99}.Debug|x64.ActiveCfg = Debug|Any CPU
		{39931F25-8BEF-42FC-9E7F-05D1F17FBA99}.Debug|x64.Build.0 = Debug|Any CPU
		{39931F25-8BEF-42FC-9E7F-05D1F17FBA99}.Debug|x86.ActiveCfg = Debug|Any CPU
		{39931F25-8BEF-42FC-9E7F-05D1F17FBA99}.Debug|x86.Build.0 = Debug|Any CPU
		{39931F25-8BEF-42FC-9E7F-05D1F17FBA99}.Release|Any CPU.ActiveCfg = Release|Any CPU
		{39931F25-8BEF-42FC-9E7F-05D1F17FBA99}.Release|Any CPU.Build.0 = Release|Any CPU
		{39931F25-8BEF-42FC-9E7F-05D1F17FBA99}.Release|ARM.ActiveCfg = Release|Any CPU
		{39931F25-8BEF-42FC-9E7F-05D1F17FBA99}.Release|ARM.Build.0 = Release|Any CPU
		{39931F25-8BEF-42FC-9E7F-05D1F17FBA99}.Release|iPhone.ActiveCfg = Release|Any CPU
		{39931F25-8BEF-42FC-9E7F-05D1F17FBA99}.Release|iPhone.Build.0 = Release|Any CPU
		{39931F25-8BEF-42FC-9E7F-05D1F17FBA99}.Release|iPhoneSimulator.ActiveCfg = Release|Any CPU
		{39931F25-8BEF-42FC-9E7F-05D1F17FBA99}.Release|iPhoneSimulator.Build.0 = Release|Any CPU
		{39931F25-8BEF-42FC-9E7F-05D1F17FBA99}.Release|x64.ActiveCfg = Release|Any CPU
		{39931F25-8BEF-42FC-9E7F-05D1F17FBA99}.Release|x64.Build.0 = Release|Any CPU
		{39931F25-8BEF-42FC-9E7F-05D1F17FBA99}.Release|x86.ActiveCfg = Release|Any CPU
		{39931F25-8BEF-42FC-9E7F-05D1F17FBA99}.Release|x86.Build.0 = Release|Any CPU
	EndGlobalSection
	GlobalSection(SolutionProperties) = preSolution
		HideSolutionNode = FALSE
	EndGlobalSection
EndGlobal
