
Microsoft Visual Studio Solution File, Format Version 12.00
# Visual Studio 15
VisualStudioVersion = 15.0.26228.9
MinimumVisualStudioVersion = 10.0.40219.1
Project("{FAE04EC0-301F-11D3-BF4B-00C04F79EFBC}") = "Microsoft.HealthVault", "Microsoft.HealthVault\Microsoft.HealthVault.csproj", "{DBE2BA67-DBC3-479E-A374-1CE5EE33C453}"
EndProject
Project("{FAE04EC0-301F-11D3-BF4B-00C04F79EFBC}") = "Microsoft.HealthVault.Web", "Microsoft.HealthVault.Web\Microsoft.HealthVault.Web.csproj", "{05961EF8-AFF3-4F65-B71A-65176224BE9D}"
EndProject
Project("{FAE04EC0-301F-11D3-BF4B-00C04F79EFBC}") = "Microsoft.HealthVault.Web.Mvc", "Microsoft.HealthVault.Web.Mvc\Microsoft.HealthVault.Web.Mvc.csproj", "{BAC954F8-3137-4840-9CEB-9852709070B2}"
EndProject
Project("{FAE04EC0-301F-11D3-BF4B-00C04F79EFBC}") = "Microsoft.HealthVault.Client.Bait", "Microsoft.HealthVault.Client.Bait\Microsoft.HealthVault.Client.Bait.csproj", "{29A7078E-F90C-438A-BCC4-FFE9216D8405}"
EndProject
Project("{FAE04EC0-301F-11D3-BF4B-00C04F79EFBC}") = "Microsoft.HealthVault.Client.Android", "Microsoft.HealthVault.Client.Android\Microsoft.HealthVault.Client.Android.csproj", "{55F66A25-EAEC-48E2-B396-D824470E8C81}"
EndProject
Project("{FAE04EC0-301F-11D3-BF4B-00C04F79EFBC}") = "Microsoft.HealthVault.Client.Uwp", "Microsoft.HealthVault.Client.Uwp\Microsoft.HealthVault.Client.Uwp.csproj", "{713A0A22-0AD9-41A9-B808-70FC88431FB5}"
EndProject
Project("{FAE04EC0-301F-11D3-BF4B-00C04F79EFBC}") = "Microsoft.HealthVault.UnitTest", "Microsoft.HealthVault.UnitTest\Microsoft.HealthVault.UnitTest.csproj", "{43EEDD43-150C-4F41-8D37-FE6D602E3D4E}"
EndProject
Project("{FAE04EC0-301F-11D3-BF4B-00C04F79EFBC}") = "Microsoft.HealthVault.Client.Core", "Microsoft.HealthVault.Client.Core\Microsoft.HealthVault.Client.Core.csproj", "{5C7EC9D4-88B9-4EA2-BEA1-3BF3F17858B4}"
EndProject
Project("{FAE04EC0-301F-11D3-BF4B-00C04F79EFBC}") = "SandboxAndroid", "SandboxAndroid\SandboxAndroid.csproj", "{D20C3A24-49B6-4CC8-9282-9FF9866281A4}"
EndProject
Project("{FAE04EC0-301F-11D3-BF4B-00C04F79EFBC}") = "SandboxMvc", "SandboxMvc\SandboxMvc.csproj", "{8F645A68-C6C5-4134-9EA3-300130343232}"
EndProject
Project("{FAE04EC0-301F-11D3-BF4B-00C04F79EFBC}") = "SandboxUwp", "SandboxUwp\SandboxUwp.csproj", "{63D2B5DB-DA98-4774-83D0-4CBB8D3D2F94}"
EndProject
Project("{2150E333-8FDC-42A3-9474-1A3956D46DE8}") = "Solution Items", "Solution Items", "{706374F1-FDB9-4FA2-A727-85354AB51FFD}"
	ProjectSection(SolutionItems) = preProject
		THIRD PARTY NOTICES.md = THIRD PARTY NOTICES.md
	EndProjectSection
EndProject
Global
	GlobalSection(SolutionConfigurationPlatforms) = preSolution
		Debug|Any CPU = Debug|Any CPU
		Debug|ARM = Debug|ARM
		Debug|x64 = Debug|x64
		Debug|x86 = Debug|x86
		Release|Any CPU = Release|Any CPU
		Release|ARM = Release|ARM
		Release|x64 = Release|x64
		Release|x86 = Release|x86
	EndGlobalSection
	GlobalSection(ProjectConfigurationPlatforms) = postSolution
		{DBE2BA67-DBC3-479E-A374-1CE5EE33C453}.Debug|Any CPU.ActiveCfg = Debug|Any CPU
		{DBE2BA67-DBC3-479E-A374-1CE5EE33C453}.Debug|Any CPU.Build.0 = Debug|Any CPU
		{DBE2BA67-DBC3-479E-A374-1CE5EE33C453}.Debug|ARM.ActiveCfg = Debug|Any CPU
		{DBE2BA67-DBC3-479E-A374-1CE5EE33C453}.Debug|ARM.Build.0 = Debug|Any CPU
		{DBE2BA67-DBC3-479E-A374-1CE5EE33C453}.Debug|x64.ActiveCfg = Debug|Any CPU
		{DBE2BA67-DBC3-479E-A374-1CE5EE33C453}.Debug|x64.Build.0 = Debug|Any CPU
		{DBE2BA67-DBC3-479E-A374-1CE5EE33C453}.Debug|x86.ActiveCfg = Debug|Any CPU
		{DBE2BA67-DBC3-479E-A374-1CE5EE33C453}.Debug|x86.Build.0 = Debug|Any CPU
		{DBE2BA67-DBC3-479E-A374-1CE5EE33C453}.Release|Any CPU.ActiveCfg = Release|Any CPU
		{DBE2BA67-DBC3-479E-A374-1CE5EE33C453}.Release|Any CPU.Build.0 = Release|Any CPU
		{DBE2BA67-DBC3-479E-A374-1CE5EE33C453}.Release|ARM.ActiveCfg = Release|Any CPU
		{DBE2BA67-DBC3-479E-A374-1CE5EE33C453}.Release|ARM.Build.0 = Release|Any CPU
		{DBE2BA67-DBC3-479E-A374-1CE5EE33C453}.Release|x64.ActiveCfg = Release|Any CPU
		{DBE2BA67-DBC3-479E-A374-1CE5EE33C453}.Release|x64.Build.0 = Release|Any CPU
		{DBE2BA67-DBC3-479E-A374-1CE5EE33C453}.Release|x86.ActiveCfg = Release|Any CPU
		{DBE2BA67-DBC3-479E-A374-1CE5EE33C453}.Release|x86.Build.0 = Release|Any CPU
		{05961EF8-AFF3-4F65-B71A-65176224BE9D}.Debug|Any CPU.ActiveCfg = Debug|Any CPU
		{05961EF8-AFF3-4F65-B71A-65176224BE9D}.Debug|Any CPU.Build.0 = Debug|Any CPU
		{05961EF8-AFF3-4F65-B71A-65176224BE9D}.Debug|ARM.ActiveCfg = Debug|Any CPU
		{05961EF8-AFF3-4F65-B71A-65176224BE9D}.Debug|ARM.Build.0 = Debug|Any CPU
		{05961EF8-AFF3-4F65-B71A-65176224BE9D}.Debug|x64.ActiveCfg = Debug|Any CPU
		{05961EF8-AFF3-4F65-B71A-65176224BE9D}.Debug|x64.Build.0 = Debug|Any CPU
		{05961EF8-AFF3-4F65-B71A-65176224BE9D}.Debug|x86.ActiveCfg = Debug|Any CPU
		{05961EF8-AFF3-4F65-B71A-65176224BE9D}.Debug|x86.Build.0 = Debug|Any CPU
		{05961EF8-AFF3-4F65-B71A-65176224BE9D}.Release|Any CPU.ActiveCfg = Release|Any CPU
		{05961EF8-AFF3-4F65-B71A-65176224BE9D}.Release|Any CPU.Build.0 = Release|Any CPU
		{05961EF8-AFF3-4F65-B71A-65176224BE9D}.Release|ARM.ActiveCfg = Release|Any CPU
		{05961EF8-AFF3-4F65-B71A-65176224BE9D}.Release|ARM.Build.0 = Release|Any CPU
		{05961EF8-AFF3-4F65-B71A-65176224BE9D}.Release|x64.ActiveCfg = Release|Any CPU
		{05961EF8-AFF3-4F65-B71A-65176224BE9D}.Release|x64.Build.0 = Release|Any CPU
		{05961EF8-AFF3-4F65-B71A-65176224BE9D}.Release|x86.ActiveCfg = Release|Any CPU
		{05961EF8-AFF3-4F65-B71A-65176224BE9D}.Release|x86.Build.0 = Release|Any CPU
		{BAC954F8-3137-4840-9CEB-9852709070B2}.Debug|Any CPU.ActiveCfg = Debug|Any CPU
		{BAC954F8-3137-4840-9CEB-9852709070B2}.Debug|Any CPU.Build.0 = Debug|Any CPU
		{BAC954F8-3137-4840-9CEB-9852709070B2}.Debug|ARM.ActiveCfg = Debug|Any CPU
		{BAC954F8-3137-4840-9CEB-9852709070B2}.Debug|ARM.Build.0 = Debug|Any CPU
		{BAC954F8-3137-4840-9CEB-9852709070B2}.Debug|x64.ActiveCfg = Debug|Any CPU
		{BAC954F8-3137-4840-9CEB-9852709070B2}.Debug|x64.Build.0 = Debug|Any CPU
		{BAC954F8-3137-4840-9CEB-9852709070B2}.Debug|x86.ActiveCfg = Debug|Any CPU
		{BAC954F8-3137-4840-9CEB-9852709070B2}.Debug|x86.Build.0 = Debug|Any CPU
		{BAC954F8-3137-4840-9CEB-9852709070B2}.Release|Any CPU.ActiveCfg = Release|Any CPU
		{BAC954F8-3137-4840-9CEB-9852709070B2}.Release|Any CPU.Build.0 = Release|Any CPU
		{BAC954F8-3137-4840-9CEB-9852709070B2}.Release|ARM.ActiveCfg = Release|Any CPU
		{BAC954F8-3137-4840-9CEB-9852709070B2}.Release|ARM.Build.0 = Release|Any CPU
		{BAC954F8-3137-4840-9CEB-9852709070B2}.Release|x64.ActiveCfg = Release|Any CPU
		{BAC954F8-3137-4840-9CEB-9852709070B2}.Release|x64.Build.0 = Release|Any CPU
		{BAC954F8-3137-4840-9CEB-9852709070B2}.Release|x86.ActiveCfg = Release|Any CPU
		{BAC954F8-3137-4840-9CEB-9852709070B2}.Release|x86.Build.0 = Release|Any CPU
		{29A7078E-F90C-438A-BCC4-FFE9216D8405}.Debug|Any CPU.ActiveCfg = Debug|Any CPU
		{29A7078E-F90C-438A-BCC4-FFE9216D8405}.Debug|Any CPU.Build.0 = Debug|Any CPU
		{29A7078E-F90C-438A-BCC4-FFE9216D8405}.Debug|ARM.ActiveCfg = Debug|Any CPU
		{29A7078E-F90C-438A-BCC4-FFE9216D8405}.Debug|ARM.Build.0 = Debug|Any CPU
		{29A7078E-F90C-438A-BCC4-FFE9216D8405}.Debug|x64.ActiveCfg = Debug|Any CPU
		{29A7078E-F90C-438A-BCC4-FFE9216D8405}.Debug|x64.Build.0 = Debug|Any CPU
		{29A7078E-F90C-438A-BCC4-FFE9216D8405}.Debug|x86.ActiveCfg = Debug|Any CPU
		{29A7078E-F90C-438A-BCC4-FFE9216D8405}.Debug|x86.Build.0 = Debug|Any CPU
		{29A7078E-F90C-438A-BCC4-FFE9216D8405}.Release|Any CPU.ActiveCfg = Release|Any CPU
		{29A7078E-F90C-438A-BCC4-FFE9216D8405}.Release|Any CPU.Build.0 = Release|Any CPU
		{29A7078E-F90C-438A-BCC4-FFE9216D8405}.Release|ARM.ActiveCfg = Release|Any CPU
		{29A7078E-F90C-438A-BCC4-FFE9216D8405}.Release|ARM.Build.0 = Release|Any CPU
		{29A7078E-F90C-438A-BCC4-FFE9216D8405}.Release|x64.ActiveCfg = Release|Any CPU
		{29A7078E-F90C-438A-BCC4-FFE9216D8405}.Release|x64.Build.0 = Release|Any CPU
		{29A7078E-F90C-438A-BCC4-FFE9216D8405}.Release|x86.ActiveCfg = Release|Any CPU
		{29A7078E-F90C-438A-BCC4-FFE9216D8405}.Release|x86.Build.0 = Release|Any CPU
		{55F66A25-EAEC-48E2-B396-D824470E8C81}.Debug|Any CPU.ActiveCfg = Debug|Any CPU
		{55F66A25-EAEC-48E2-B396-D824470E8C81}.Debug|Any CPU.Build.0 = Debug|Any CPU
		{55F66A25-EAEC-48E2-B396-D824470E8C81}.Debug|ARM.ActiveCfg = Debug|Any CPU
		{55F66A25-EAEC-48E2-B396-D824470E8C81}.Debug|ARM.Build.0 = Debug|Any CPU
		{55F66A25-EAEC-48E2-B396-D824470E8C81}.Debug|x64.ActiveCfg = Debug|Any CPU
		{55F66A25-EAEC-48E2-B396-D824470E8C81}.Debug|x64.Build.0 = Debug|Any CPU
		{55F66A25-EAEC-48E2-B396-D824470E8C81}.Debug|x86.ActiveCfg = Debug|Any CPU
		{55F66A25-EAEC-48E2-B396-D824470E8C81}.Debug|x86.Build.0 = Debug|Any CPU
		{55F66A25-EAEC-48E2-B396-D824470E8C81}.Release|Any CPU.ActiveCfg = Release|Any CPU
		{55F66A25-EAEC-48E2-B396-D824470E8C81}.Release|Any CPU.Build.0 = Release|Any CPU
		{55F66A25-EAEC-48E2-B396-D824470E8C81}.Release|ARM.ActiveCfg = Release|Any CPU
		{55F66A25-EAEC-48E2-B396-D824470E8C81}.Release|ARM.Build.0 = Release|Any CPU
		{55F66A25-EAEC-48E2-B396-D824470E8C81}.Release|x64.ActiveCfg = Release|Any CPU
		{55F66A25-EAEC-48E2-B396-D824470E8C81}.Release|x64.Build.0 = Release|Any CPU
		{55F66A25-EAEC-48E2-B396-D824470E8C81}.Release|x86.ActiveCfg = Release|Any CPU
		{55F66A25-EAEC-48E2-B396-D824470E8C81}.Release|x86.Build.0 = Release|Any CPU
		{713A0A22-0AD9-41A9-B808-70FC88431FB5}.Debug|Any CPU.ActiveCfg = Debug|Any CPU
		{713A0A22-0AD9-41A9-B808-70FC88431FB5}.Debug|Any CPU.Build.0 = Debug|Any CPU
		{713A0A22-0AD9-41A9-B808-70FC88431FB5}.Debug|ARM.ActiveCfg = Debug|ARM
		{713A0A22-0AD9-41A9-B808-70FC88431FB5}.Debug|ARM.Build.0 = Debug|ARM
		{713A0A22-0AD9-41A9-B808-70FC88431FB5}.Debug|x64.ActiveCfg = Debug|x64
		{713A0A22-0AD9-41A9-B808-70FC88431FB5}.Debug|x64.Build.0 = Debug|x64
		{713A0A22-0AD9-41A9-B808-70FC88431FB5}.Debug|x86.ActiveCfg = Debug|x86
		{713A0A22-0AD9-41A9-B808-70FC88431FB5}.Debug|x86.Build.0 = Debug|x86
		{713A0A22-0AD9-41A9-B808-70FC88431FB5}.Release|Any CPU.ActiveCfg = Release|Any CPU
		{713A0A22-0AD9-41A9-B808-70FC88431FB5}.Release|Any CPU.Build.0 = Release|Any CPU
		{713A0A22-0AD9-41A9-B808-70FC88431FB5}.Release|ARM.ActiveCfg = Release|ARM
		{713A0A22-0AD9-41A9-B808-70FC88431FB5}.Release|ARM.Build.0 = Release|ARM
		{713A0A22-0AD9-41A9-B808-70FC88431FB5}.Release|x64.ActiveCfg = Release|x64
		{713A0A22-0AD9-41A9-B808-70FC88431FB5}.Release|x64.Build.0 = Release|x64
		{713A0A22-0AD9-41A9-B808-70FC88431FB5}.Release|x86.ActiveCfg = Release|x86
		{713A0A22-0AD9-41A9-B808-70FC88431FB5}.Release|x86.Build.0 = Release|x86
		{43EEDD43-150C-4F41-8D37-FE6D602E3D4E}.Debug|Any CPU.ActiveCfg = Debug|Any CPU
		{43EEDD43-150C-4F41-8D37-FE6D602E3D4E}.Debug|Any CPU.Build.0 = Debug|Any CPU
		{43EEDD43-150C-4F41-8D37-FE6D602E3D4E}.Debug|ARM.ActiveCfg = Debug|Any CPU
		{43EEDD43-150C-4F41-8D37-FE6D602E3D4E}.Debug|ARM.Build.0 = Debug|Any CPU
		{43EEDD43-150C-4F41-8D37-FE6D602E3D4E}.Debug|x64.ActiveCfg = Debug|Any CPU
		{43EEDD43-150C-4F41-8D37-FE6D602E3D4E}.Debug|x64.Build.0 = Debug|Any CPU
		{43EEDD43-150C-4F41-8D37-FE6D602E3D4E}.Debug|x86.ActiveCfg = Debug|Any CPU
		{43EEDD43-150C-4F41-8D37-FE6D602E3D4E}.Debug|x86.Build.0 = Debug|Any CPU
		{43EEDD43-150C-4F41-8D37-FE6D602E3D4E}.Release|Any CPU.ActiveCfg = Release|Any CPU
		{43EEDD43-150C-4F41-8D37-FE6D602E3D4E}.Release|Any CPU.Build.0 = Release|Any CPU
		{43EEDD43-150C-4F41-8D37-FE6D602E3D4E}.Release|ARM.ActiveCfg = Release|Any CPU
		{43EEDD43-150C-4F41-8D37-FE6D602E3D4E}.Release|ARM.Build.0 = Release|Any CPU
		{43EEDD43-150C-4F41-8D37-FE6D602E3D4E}.Release|x64.ActiveCfg = Release|Any CPU
		{43EEDD43-150C-4F41-8D37-FE6D602E3D4E}.Release|x64.Build.0 = Release|Any CPU
		{43EEDD43-150C-4F41-8D37-FE6D602E3D4E}.Release|x86.ActiveCfg = Release|Any CPU
		{43EEDD43-150C-4F41-8D37-FE6D602E3D4E}.Release|x86.Build.0 = Release|Any CPU
		{5C7EC9D4-88B9-4EA2-BEA1-3BF3F17858B4}.Debug|Any CPU.ActiveCfg = Debug|Any CPU
		{5C7EC9D4-88B9-4EA2-BEA1-3BF3F17858B4}.Debug|Any CPU.Build.0 = Debug|Any CPU
		{5C7EC9D4-88B9-4EA2-BEA1-3BF3F17858B4}.Debug|ARM.ActiveCfg = Debug|Any CPU
		{5C7EC9D4-88B9-4EA2-BEA1-3BF3F17858B4}.Debug|ARM.Build.0 = Debug|Any CPU
		{5C7EC9D4-88B9-4EA2-BEA1-3BF3F17858B4}.Debug|x64.ActiveCfg = Debug|Any CPU
		{5C7EC9D4-88B9-4EA2-BEA1-3BF3F17858B4}.Debug|x64.Build.0 = Debug|Any CPU
		{5C7EC9D4-88B9-4EA2-BEA1-3BF3F17858B4}.Debug|x86.ActiveCfg = Debug|Any CPU
		{5C7EC9D4-88B9-4EA2-BEA1-3BF3F17858B4}.Debug|x86.Build.0 = Debug|Any CPU
		{5C7EC9D4-88B9-4EA2-BEA1-3BF3F17858B4}.Release|Any CPU.ActiveCfg = Release|Any CPU
		{5C7EC9D4-88B9-4EA2-BEA1-3BF3F17858B4}.Release|Any CPU.Build.0 = Release|Any CPU
		{5C7EC9D4-88B9-4EA2-BEA1-3BF3F17858B4}.Release|ARM.ActiveCfg = Release|Any CPU
		{5C7EC9D4-88B9-4EA2-BEA1-3BF3F17858B4}.Release|ARM.Build.0 = Release|Any CPU
		{5C7EC9D4-88B9-4EA2-BEA1-3BF3F17858B4}.Release|x64.ActiveCfg = Release|Any CPU
		{5C7EC9D4-88B9-4EA2-BEA1-3BF3F17858B4}.Release|x64.Build.0 = Release|Any CPU
		{5C7EC9D4-88B9-4EA2-BEA1-3BF3F17858B4}.Release|x86.ActiveCfg = Release|Any CPU
		{5C7EC9D4-88B9-4EA2-BEA1-3BF3F17858B4}.Release|x86.Build.0 = Release|Any CPU
		{D20C3A24-49B6-4CC8-9282-9FF9866281A4}.Debug|Any CPU.ActiveCfg = Debug|Any CPU
		{D20C3A24-49B6-4CC8-9282-9FF9866281A4}.Debug|Any CPU.Build.0 = Debug|Any CPU
		{D20C3A24-49B6-4CC8-9282-9FF9866281A4}.Debug|Any CPU.Deploy.0 = Debug|Any CPU
		{D20C3A24-49B6-4CC8-9282-9FF9866281A4}.Debug|ARM.ActiveCfg = Debug|Any CPU
		{D20C3A24-49B6-4CC8-9282-9FF9866281A4}.Debug|ARM.Build.0 = Debug|Any CPU
		{D20C3A24-49B6-4CC8-9282-9FF9866281A4}.Debug|ARM.Deploy.0 = Debug|Any CPU
		{D20C3A24-49B6-4CC8-9282-9FF9866281A4}.Debug|x64.ActiveCfg = Debug|Any CPU
		{D20C3A24-49B6-4CC8-9282-9FF9866281A4}.Debug|x64.Build.0 = Debug|Any CPU
		{D20C3A24-49B6-4CC8-9282-9FF9866281A4}.Debug|x64.Deploy.0 = Debug|Any CPU
		{D20C3A24-49B6-4CC8-9282-9FF9866281A4}.Debug|x86.ActiveCfg = Debug|Any CPU
		{D20C3A24-49B6-4CC8-9282-9FF9866281A4}.Debug|x86.Build.0 = Debug|Any CPU
		{D20C3A24-49B6-4CC8-9282-9FF9866281A4}.Debug|x86.Deploy.0 = Debug|Any CPU
		{D20C3A24-49B6-4CC8-9282-9FF9866281A4}.Release|Any CPU.ActiveCfg = Release|Any CPU
		{D20C3A24-49B6-4CC8-9282-9FF9866281A4}.Release|Any CPU.Build.0 = Release|Any CPU
		{D20C3A24-49B6-4CC8-9282-9FF9866281A4}.Release|Any CPU.Deploy.0 = Release|Any CPU
		{D20C3A24-49B6-4CC8-9282-9FF9866281A4}.Release|ARM.ActiveCfg = Release|Any CPU
		{D20C3A24-49B6-4CC8-9282-9FF9866281A4}.Release|ARM.Build.0 = Release|Any CPU
		{D20C3A24-49B6-4CC8-9282-9FF9866281A4}.Release|ARM.Deploy.0 = Release|Any CPU
		{D20C3A24-49B6-4CC8-9282-9FF9866281A4}.Release|x64.ActiveCfg = Release|Any CPU
		{D20C3A24-49B6-4CC8-9282-9FF9866281A4}.Release|x64.Build.0 = Release|Any CPU
		{D20C3A24-49B6-4CC8-9282-9FF9866281A4}.Release|x64.Deploy.0 = Release|Any CPU
		{D20C3A24-49B6-4CC8-9282-9FF9866281A4}.Release|x86.ActiveCfg = Release|Any CPU
		{D20C3A24-49B6-4CC8-9282-9FF9866281A4}.Release|x86.Build.0 = Release|Any CPU
		{D20C3A24-49B6-4CC8-9282-9FF9866281A4}.Release|x86.Deploy.0 = Release|Any CPU
		{8F645A68-C6C5-4134-9EA3-300130343232}.Debug|Any CPU.ActiveCfg = Debug|Any CPU
		{8F645A68-C6C5-4134-9EA3-300130343232}.Debug|Any CPU.Build.0 = Debug|Any CPU
		{8F645A68-C6C5-4134-9EA3-300130343232}.Debug|ARM.ActiveCfg = Debug|Any CPU
		{8F645A68-C6C5-4134-9EA3-300130343232}.Debug|ARM.Build.0 = Debug|Any CPU
		{8F645A68-C6C5-4134-9EA3-300130343232}.Debug|x64.ActiveCfg = Debug|Any CPU
		{8F645A68-C6C5-4134-9EA3-300130343232}.Debug|x64.Build.0 = Debug|Any CPU
		{8F645A68-C6C5-4134-9EA3-300130343232}.Debug|x86.ActiveCfg = Debug|Any CPU
		{8F645A68-C6C5-4134-9EA3-300130343232}.Debug|x86.Build.0 = Debug|Any CPU
		{8F645A68-C6C5-4134-9EA3-300130343232}.Release|Any CPU.ActiveCfg = Release|Any CPU
		{8F645A68-C6C5-4134-9EA3-300130343232}.Release|Any CPU.Build.0 = Release|Any CPU
		{8F645A68-C6C5-4134-9EA3-300130343232}.Release|ARM.ActiveCfg = Release|Any CPU
		{8F645A68-C6C5-4134-9EA3-300130343232}.Release|ARM.Build.0 = Release|Any CPU
		{8F645A68-C6C5-4134-9EA3-300130343232}.Release|x64.ActiveCfg = Release|Any CPU
		{8F645A68-C6C5-4134-9EA3-300130343232}.Release|x64.Build.0 = Release|Any CPU
		{8F645A68-C6C5-4134-9EA3-300130343232}.Release|x86.ActiveCfg = Release|Any CPU
		{8F645A68-C6C5-4134-9EA3-300130343232}.Release|x86.Build.0 = Release|Any CPU
		{63D2B5DB-DA98-4774-83D0-4CBB8D3D2F94}.Debug|Any CPU.ActiveCfg = Debug|x86
		{63D2B5DB-DA98-4774-83D0-4CBB8D3D2F94}.Debug|Any CPU.Build.0 = Debug|x86
		{63D2B5DB-DA98-4774-83D0-4CBB8D3D2F94}.Debug|Any CPU.Deploy.0 = Debug|x86
		{63D2B5DB-DA98-4774-83D0-4CBB8D3D2F94}.Debug|ARM.ActiveCfg = Debug|ARM
		{63D2B5DB-DA98-4774-83D0-4CBB8D3D2F94}.Debug|ARM.Build.0 = Debug|ARM
		{63D2B5DB-DA98-4774-83D0-4CBB8D3D2F94}.Debug|ARM.Deploy.0 = Debug|ARM
		{63D2B5DB-DA98-4774-83D0-4CBB8D3D2F94}.Debug|x64.ActiveCfg = Debug|x64
		{63D2B5DB-DA98-4774-83D0-4CBB8D3D2F94}.Debug|x64.Build.0 = Debug|x64
		{63D2B5DB-DA98-4774-83D0-4CBB8D3D2F94}.Debug|x64.Deploy.0 = Debug|x64
		{63D2B5DB-DA98-4774-83D0-4CBB8D3D2F94}.Debug|x86.ActiveCfg = Debug|x86
		{63D2B5DB-DA98-4774-83D0-4CBB8D3D2F94}.Debug|x86.Build.0 = Debug|x86
		{63D2B5DB-DA98-4774-83D0-4CBB8D3D2F94}.Debug|x86.Deploy.0 = Debug|x86
		{63D2B5DB-DA98-4774-83D0-4CBB8D3D2F94}.Release|Any CPU.ActiveCfg = Release|x86
		{63D2B5DB-DA98-4774-83D0-4CBB8D3D2F94}.Release|ARM.ActiveCfg = Release|ARM
		{63D2B5DB-DA98-4774-83D0-4CBB8D3D2F94}.Release|ARM.Build.0 = Release|ARM
		{63D2B5DB-DA98-4774-83D0-4CBB8D3D2F94}.Release|ARM.Deploy.0 = Release|ARM
		{63D2B5DB-DA98-4774-83D0-4CBB8D3D2F94}.Release|x64.ActiveCfg = Release|x64
		{63D2B5DB-DA98-4774-83D0-4CBB8D3D2F94}.Release|x64.Build.0 = Release|x64
		{63D2B5DB-DA98-4774-83D0-4CBB8D3D2F94}.Release|x64.Deploy.0 = Release|x64
		{63D2B5DB-DA98-4774-83D0-4CBB8D3D2F94}.Release|x86.ActiveCfg = Release|x86
		{63D2B5DB-DA98-4774-83D0-4CBB8D3D2F94}.Release|x86.Build.0 = Release|x86
		{63D2B5DB-DA98-4774-83D0-4CBB8D3D2F94}.Release|x86.Deploy.0 = Release|x86
	EndGlobalSection
	GlobalSection(SolutionProperties) = preSolution
		HideSolutionNode = FALSE
	EndGlobalSection
EndGlobal
